PODS:
  - Alamofire (5.0.2)
  - XouDevSpec (0.1.0):
    - Alamofire

DEPENDENCIES:
  - Alamofire
  - XouDevSpec (from `/Users/xschoeman/Documents/git/Podfolder/XouDevSpec`)

SPEC REPOS:
  trunk:
    - Alamofire

EXTERNAL SOURCES:
  XouDevSpec:
    :path: "/Users/xschoeman/Documents/git/Podfolder/XouDevSpec"

SPEC CHECKSUMS:
  Alamofire: 3ba7a4db18b4f62c4a1c0e1cb39d7f3d52e10ada
  XouDevSpec: cafcaaf2aa63dbb320843fc260c44186d955147b

PODFILE CHECKSUM: cade09486eac7157f142e940053cd5e09379bb72

COCOAPODS: 1.8.4
