// !$*UTF8*$!
{
	archiveVersion = 1;
	classes = {
	};
	objectVersion = 50;
	objects = {

/* Begin PBXBuildFile section */
		3803EA6F23EA998900DC745C /* AppDelegate.swift in Sources */ = {isa = PBXBuildFile; fileRef = 3803EA6E23EA998900DC745C /* AppDelegate.swift */; };
		3803EA7123EA998900DC745C /* SceneDelegate.swift in Sources */ = {isa = PBXBuildFile; fileRef = 3803EA7023EA998900DC745C /* SceneDelegate.swift */; };
		3803EA7323EA998900DC745C /* ViewController.swift in Sources */ = {isa = PBXBuildFile; fileRef = 3803EA7223EA998900DC745C /* ViewController.swift */; };
		3803EA7623EA998900DC745C /* Main.storyboard in Resources */ = {isa = PBXBuildFile; fileRef = 3803EA7423EA998900DC745C /* Main.storyboard */; };
		3803EA7823EA998B00DC745C /* Assets.xcassets in Resources */ = {isa = PBXBuildFile; fileRef = 3803EA7723EA998B00DC745C /* Assets.xcassets */; };
		3803EA7B23EA998B00DC745C /* LaunchScreen.storyboard in Resources */ = {isa = PBXBuildFile; fileRef = 3803EA7923EA998B00DC745C /* LaunchScreen.storyboard */; };
		3803EA8623EA998B00DC745C /* XouTubeTests.swift in Sources */ = {isa = PBXBuildFile; fileRef = 3803EA8523EA998B00DC745C /* XouTubeTests.swift */; };
		3803EA9123EAAF0A00DC745C /* HomeController.swift in Sources */ = {isa = PBXBuildFile; fileRef = 3803EA9023EAAF0A00DC745C /* HomeController.swift */; };
/* End PBXBuildFile section */

/* Begin PBXContainerItemProxy section */
		3803EA8223EA998B00DC745C /* PBXContainerItemProxy */ = {
			isa = PBXContainerItemProxy;
			containerPortal = 3803EA6323EA998900DC745C /* Project object */;
			proxyType = 1;
			remoteGlobalIDString = 3803EA6A23EA998900DC745C;
			remoteInfo = XouTube;
		};
/* End PBXContainerItemProxy section */

/* Begin PBXFileReference section */
		3803EA6B23EA998900DC745C /* XouTube.app */ = {isa = PBXFileReference; explicitFileType = wrapper.application; includeInIndex = 0; path = XouTube.app; sourceTree = BUILT_PRODUCTS_DIR; };
		3803EA6E23EA998900DC745C /* AppDelegate.swift */ = {isa = PBXFileReference; lastKnownFileType = sourcecode.swift; path = AppDelegate.swift; sourceTree = "<group>"; };
		3803EA7023EA998900DC745C /* SceneDelegate.swift */ = {isa = PBXFileReference; lastKnownFileType = sourcecode.swift; path = SceneDelegate.swift; sourceTree = "<group>"; };
		3803EA7223EA998900DC745C /* ViewController.swift */ = {isa = PBXFileReference; lastKnownFileType = sourcecode.swift; path = ViewController.swift; sourceTree = "<group>"; };
		3803EA7523EA998900DC745C /* Base */ = {isa = PBXFileReference; lastKnownFileType = file.storyboard; name = Base; path = Base.lproj/Main.storyboard; sourceTree = "<group>"; };
		3803EA7723EA998B00DC745C /* Assets.xcassets */ = {isa = PBXFileReference; lastKnownFileType = folder.assetcatalog; path = Assets.xcassets; sourceTree = "<group>"; };
		3803EA7A23EA998B00DC745C /* Base */ = {isa = PBXFileReference; lastKnownFileType = file.storyboard; name = Base; path = Base.lproj/LaunchScreen.storyboard; sourceTree = "<group>"; };
		3803EA7C23EA998B00DC745C /* Info.plist */ = {isa = PBXFileReference; lastKnownFileType = text.plist.xml; path = Info.plist; sourceTree = "<group>"; };
		3803EA8123EA998B00DC745C /* XouTubeTests.xctest */ = {isa = PBXFileReference; explicitFileType = wrapper.cfbundle; includeInIndex = 0; path = XouTubeTests.xctest; sourceTree = BUILT_PRODUCTS_DIR; };
		3803EA8523EA998B00DC745C /* XouTubeTests.swift */ = {isa = PBXFileReference; lastKnownFileType = sourcecode.swift; path = XouTubeTests.swift; sourceTree = "<group>"; };
		3803EA8723EA998B00DC745C /* Info.plist */ = {isa = PBXFileReference; lastKnownFileType = text.plist.xml; path = Info.plist; sourceTree = "<group>"; };
		3803EA9023EAAF0A00DC745C /* HomeController.swift */ = {isa = PBXFileReference; lastKnownFileType = sourcecode.swift; path = HomeController.swift; sourceTree = "<group>"; };
/* End PBXFileReference section */

/* Begin PBXFrameworksBuildPhase section */
		3803EA6823EA998900DC745C /* Frameworks */ = {
			isa = PBXFrameworksBuildPhase;
			buildActionMask = 2147483647;
			files = (
			);
			runOnlyForDeploymentPostprocessing = 0;
		};
		3803EA7E23EA998B00DC745C /* Frameworks */ = {
			isa = PBXFrameworksBuildPhase;
			buildActionMask = 2147483647;
			files = (
			);
			runOnlyForDeploymentPostprocessing = 0;
		};
/* End PBXFrameworksBuildPhase section */

/* Begin PBXGroup section */
		3803EA6223EA998900DC745C = {
			isa = PBXGroup;
			children = (
				3803EA6D23EA998900DC745C /* XouTube */,
				3803EA8423EA998B00DC745C /* XouTubeTests */,
				3803EA6C23EA998900DC745C /* Products */,
			);
			sourceTree = "<group>";
		};
		3803EA6C23EA998900DC745C /* Products */ = {
			isa = PBXGroup;
			children = (
				3803EA6B23EA998900DC745C /* XouTube.app */,
				3803EA8123EA998B00DC745C /* XouTubeTests.xctest */,
			);
			name = Products;
			sourceTree = "<group>";
		};
		3803EA6D23EA998900DC745C /* XouTube */ = {
			isa = PBXGroup;
			children = (
				3803EA6E23EA998900DC745C /* AppDelegate.swift */,
				3803EA7023EA998900DC745C /* SceneDelegate.swift */,
				3803EA7223EA998900DC745C /* ViewController.swift */,
				3803EA7423EA998900DC745C /* Main.storyboard */,
				3803EA7723EA998B00DC745C /* Assets.xcassets */,
				3803EA7923EA998B00DC745C /* LaunchScreen.storyboard */,
				3803EA7C23EA998B00DC745C /* Info.plist */,
				3803EA9023EAAF0A00DC745C /* HomeController.swift */,
			);
			path = XouTube;
			sourceTree = "<group>";
		};
		3803EA8423EA998B00DC745C /* XouTubeTests */ = {
			isa = PBXGroup;
			children = (
				3803EA8523EA998B00DC745C /* XouTubeTests.swift */,
				3803EA8723EA998B00DC745C /* Info.plist */,
			);
			path = XouTubeTests;
			sourceTree = "<group>";
		};
/* End PBXGroup section */

/* Begin PBXNativeTarget section */
		3803EA6A23EA998900DC745C /* XouTube */ = {
			isa = PBXNativeTarget;
			buildConfigurationList = 3803EA8A23EA998B00DC745C /* Build configuration list for PBXNativeTarget "XouTube" */;
			buildPhases = (
				3803EA6723EA998900DC745C /* Sources */,
				3803EA6823EA998900DC745C /* Frameworks */,
				3803EA6923EA998900DC745C /* Resources */,
			);
			buildRules = (
			);
			dependencies = (
			);
			name = XouTube;
			productName = XouTube;
			productReference = 3803EA6B23EA998900DC745C /* XouTube.app */;
			productType = "com.apple.product-type.application";
		};
		3803EA8023EA998B00DC745C /* XouTubeTests */ = {
			isa = PBXNativeTarget;
			buildConfigurationList = 3803EA8D23EA998B00DC745C /* Build configuration list for PBXNativeTarget "XouTubeTests" */;
			buildPhases = (
				3803EA7D23EA998B00DC745C /* Sources */,
				3803EA7E23EA998B00DC745C /* Frameworks */,
				3803EA7F23EA998B00DC745C /* Resources */,
			);
			buildRules = (
			);
			dependencies = (
				3803EA8323EA998B00DC745C /* PBXTargetDependency */,
			);
			name = XouTubeTests;
			productName = XouTubeTests;
			productReference = 3803EA8123EA998B00DC745C /* XouTubeTests.xctest */;
			productType = "com.apple.product-type.bundle.unit-test";
		};
/* End PBXNativeTarget section */

/* Begin PBXProject section */
		3803EA6323EA998900DC745C /* Project object */ = {
			isa = PBXProject;
			attributes = {
				LastSwiftUpdateCheck = 1130;
				LastUpgradeCheck = 1130;
				ORGANIZATIONNAME = "Xander Schoeman";
				TargetAttributes = {
					3803EA6A23EA998900DC745C = {
						CreatedOnToolsVersion = 11.3.1;
					};
					3803EA8023EA998B00DC745C = {
						CreatedOnToolsVersion = 11.3.1;
						TestTargetID = 3803EA6A23EA998900DC745C;
					};
				};
			};
			buildConfigurationList = 3803EA6623EA998900DC745C /* Build configuration list for PBXProject "XouTube" */;
			compatibilityVersion = "Xcode 9.3";
			developmentRegion = en;
			hasScannedForEncodings = 0;
			knownRegions = (
				en,
				Base,
			);
			mainGroup = 3803EA6223EA998900DC745C;
			productRefGroup = 3803EA6C23EA998900DC745C /* Products */;
			projectDirPath = "";
			projectRoot = "";
			targets = (
				3803EA6A23EA998900DC745C /* XouTube */,
				3803EA8023EA998B00DC745C /* XouTubeTests */,
			);
		};
/* End PBXProject section */

/* Begin PBXResourcesBuildPhase section */
		3803EA6923EA998900DC745C /* Resources */ = {
			isa = PBXResourcesBuildPhase;
			buildActionMask = 2147483647;
			files = (
				3803EA7B23EA998B00DC745C /* LaunchScreen.storyboard in Resources */,
				3803EA7823EA998B00DC745C /* Assets.xcassets in Resources */,
				3803EA7623EA998900DC745C /* Main.storyboard in Resources */,
			);
			runOnlyForDeploymentPostprocessing = 0;
		};
		3803EA7F23EA998B00DC745C /* Resources */ = {
			isa = PBXResourcesBuildPhase;
			buildActionMask = 2147483647;
			files = (
			);
			runOnlyForDeploymentPostprocessing = 0;
		};
/* End PBXResourcesBuildPhase section */

/* Begin PBXSourcesBuildPhase section */
		3803EA6723EA998900DC745C /* Sources */ = {
			isa = PBXSourcesBuildPhase;
			buildActionMask = 2147483647;
			files = (
				3803EA9123EAAF0A00DC745C /* HomeController.swift in Sources */,
				3803EA7323EA998900DC745C /* ViewController.swift in Sources */,
				3803EA6F23EA998900DC745C /* AppDelegate.swift in Sources */,
				3803EA7123EA998900DC745C /* SceneDelegate.swift in Sources */,
			);
			runOnlyForDeploymentPostprocessing = 0;
		};
		3803EA7D23EA998B00DC745C /* Sources */ = {
			isa = PBXSourcesBuildPhase;
			buildActionMask = 2147483647;
			files = (
				3803EA8623EA998B00DC745C /* XouTubeTests.swift in Sources */,
			);
			runOnlyForDeploymentPostprocessing = 0;
		};
/* End PBXSourcesBuildPhase section */

/* Begin PBXTargetDependency section */
		3803EA8323EA998B00DC745C /* PBXTargetDependency */ = {
			isa = PBXTargetDependency;
			target = 3803EA6A23EA998900DC745C /* XouTube */;
			targetProxy = 3803EA8223EA998B00DC745C /* PBXContainerItemProxy */;
		};
/* End PBXTargetDependency section */

/* Begin PBXVariantGroup section */
		3803EA7423EA998900DC745C /* Main.storyboard */ = {
			isa = PBXVariantGroup;
			children = (
				3803EA7523EA998900DC745C /* Base */,
			);
			name = Main.storyboard;
			sourceTree = "<group>";
		};
		3803EA7923EA998B00DC745C /* LaunchScreen.storyboard */ = {
			isa = PBXVariantGroup;
			children = (
				3803EA7A23EA998B00DC745C /* Base */,
			);
			name = LaunchScreen.storyboard;
			sourceTree = "<group>";
		};
/* End PBXVariantGroup section */

/* Begin XCBuildConfiguration section */
		3803EA8823EA998B00DC745C /* Debug */ = {
			isa = XCBuildConfiguration;
			buildSettings = {
				ALWAYS_SEARCH_USER_PATHS = NO;
				CLANG_ANALYZER_NONNULL = YES;
				CLANG_ANALYZER_NUMBER_OBJECT_CONVERSION = YES_AGGRESSIVE;
				CLANG_CXX_LANGUAGE_STANDARD = "gnu++14";
				CLANG_CXX_LIBRARY = "libc++";
				CLANG_ENABLE_MODULES = YES;
				CLANG_ENABLE_OBJC_ARC = YES;
				CLANG_ENABLE_OBJC_WEAK = YES;
				CLANG_WARN_BLOCK_CAPTURE_AUTORELEASING = YES;
				CLANG_WARN_BOOL_CONVERSION = YES;
				CLANG_WARN_COMMA = YES;
				CLANG_WARN_CONSTANT_CONVERSION = YES;
				CLANG_WARN_DEPRECATED_OBJC_IMPLEMENTATIONS = YES;
				CLANG_WARN_DIRECT_OBJC_ISA_USAGE = YES_ERROR;
				CLANG_WARN_DOCUMENTATION_COMMENTS = YES;
				CLANG_WARN_EMPTY_BODY = YES;
				CLANG_WARN_ENUM_CONVERSION = YES;
				CLANG_WARN_INFINITE_RECURSION = YES;
				CLANG_WARN_INT_CONVERSION = YES;
				CLANG_WARN_NON_LITERAL_NULL_CONVERSION = YES;
				CLANG_WARN_OBJC_IMPLICIT_RETAIN_SELF = YES;
				CLANG_WARN_OBJC_LITERAL_CONVERSION = YES;
				CLANG_WARN_OBJC_ROOT_CLASS = YES_ERROR;
				CLANG_WARN_RANGE_LOOP_ANALYSIS = YES;
				CLANG_WARN_STRICT_PROTOTYPES = YES;
				CLANG_WARN_SUSPICIOUS_MOVE = YES;
				CLANG_WARN_UNGUARDED_AVAILABILITY = YES_AGGRESSIVE;
				CLANG_WARN_UNREACHABLE_CODE = YES;
				CLANG_WARN__DUPLICATE_METHOD_MATCH = YES;
				COPY_PHASE_STRIP = NO;
				DEBUG_INFORMATION_FORMAT = dwarf;
				ENABLE_STRICT_OBJC_MSGSEND = YES;
				ENABLE_TESTABILITY = YES;
				GCC_C_LANGUAGE_STANDARD = gnu11;
				GCC_DYNAMIC_NO_PIC = NO;
				GCC_NO_COMMON_BLOCKS = YES;
				GCC_OPTIMIZATION_LEVEL = 0;
				GCC_PREPROCESSOR_DEFINITIONS = (
					"DEBUG=1",
					"$(inherited)",
				);
				GCC_WARN_64_TO_32_BIT_CONVERSION = YES;
				GCC_WARN_ABOUT_RETURN_TYPE = YES_ERROR;
				GCC_WARN_UNDECLARED_SELECTOR = YES;
				GCC_WARN_UNINITIALIZED_AUTOS = YES_AGGRESSIVE;
				GCC_WARN_UNUSED_FUNCTION = YES;
				GCC_WARN_UNUSED_VARIABLE = YES;
				IPHONEOS_DEPLOYMENT_TARGET = 13.2;
				MTL_ENABLE_DEBUG_INFO = INCLUDE_SOURCE;
				MTL_FAST_MATH = YES;
				ONLY_ACTIVE_ARCH = YES;
				SDKROOT = iphoneos;
				SWIFT_ACTIVE_COMPILATION_CONDITIONS = DEBUG;
				SWIFT_OPTIMIZATION_LEVEL = "-Onone";
			};
			name = Debug;
		};
		3803EA8923EA998B00DC745C /* Release */ = {
			isa = XCBuildConfiguration;
			buildSettings = {
				ALWAYS_SEARCH_USER_PATHS = NO;
				CLANG_ANALYZER_NONNULL = YES;
				CLANG_ANALYZER_NUMBER_OBJECT_CONVERSION = YES_AGGRESSIVE;
				CLANG_CXX_LANGUAGE_STANDARD = "gnu++14";
				CLANG_CXX_LIBRARY = "libc++";
				CLANG_ENABLE_MODULES = YES;
				CLANG_ENABLE_OBJC_ARC = YES;
				CLANG_ENABLE_OBJC_WEAK = YES;
				CLANG_WARN_BLOCK_CAPTURE_AUTORELEASING = YES;
				CLANG_WARN_BOOL_CONVERSION = YES;
				CLANG_WARN_COMMA = YES;
				CLANG_WARN_CONSTANT_CONVERSION = YES;
				CLANG_WARN_DEPRECATED_OBJC_IMPLEMENTATIONS = YES;
				CLANG_WARN_DIRECT_OBJC_ISA_USAGE = YES_ERROR;
				CLANG_WARN_DOCUMENTATION_COMMENTS = YES;
				CLANG_WARN_EMPTY_BODY = YES;
				CLANG_WARN_ENUM_CONVERSION = YES;
				CLANG_WARN_INFINITE_RECURSION = YES;
				CLANG_WARN_INT_CONVERSION = YES;
				CLANG_WARN_NON_LITERAL_NULL_CONVERSION = YES;
				CLANG_WARN_OBJC_IMPLICIT_RETAIN_SELF = YES;
				CLANG_WARN_OBJC_LITERAL_CONVERSION = YES;
				CLANG_WARN_OBJC_ROOT_CLASS = YES_ERROR;
				CLANG_WARN_RANGE_LOOP_ANALYSIS = YES;
				CLANG_WARN_STRICT_PROTOTYPES = YES;
				CLANG_WARN_SUSPICIOUS_MOVE = YES;
				CLANG_WARN_UNGUARDED_AVAILABILITY = YES_AGGRESSIVE;
				CLANG_WARN_UNREACHABLE_CODE = YES;
				CLANG_WARN__DUPLICATE_METHOD_MATCH = YES;
				COPY_PHASE_STRIP = NO;
				DEBUG_INFORMATION_FORMAT = "dwarf-with-dsym";
				ENABLE_NS_ASSERTIONS = NO;
				ENABLE_STRICT_OBJC_MSGSEND = YES;
				GCC_C_LANGUAGE_STANDARD = gnu11;
				GCC_NO_COMMON_BLOCKS = YES;
				GCC_WARN_64_TO_32_BIT_CONVERSION = YES;
				GCC_WARN_ABOUT_RETURN_TYPE = YES_ERROR;
				GCC_WARN_UNDECLARED_SELECTOR = YES;
				GCC_WARN_UNINITIALIZED_AUTOS = YES_AGGRESSIVE;
				GCC_WARN_UNUSED_FUNCTION = YES;
				GCC_WARN_UNUSED_VARIABLE = YES;
				IPHONEOS_DEPLOYMENT_TARGET = 13.2;
				MTL_ENABLE_DEBUG_INFO = NO;
				MTL_FAST_MATH = YES;
				SDKROOT = iphoneos;
				SWIFT_COMPILATION_MODE = wholemodule;
				SWIFT_OPTIMIZATION_LEVEL = "-O";
				VALIDATE_PRODUCT = YES;
			};
			name = Release;
		};
		3803EA8B23EA998B00DC745C /* Debug */ = {
			isa = XCBuildConfiguration;
			buildSettings = {
				ASSETCATALOG_COMPILER_APPICON_NAME = AppIcon;
				CODE_SIGN_STYLE = Automatic;
				INFOPLIST_FILE = XouTube/Info.plist;
				LD_RUNPATH_SEARCH_PATHS = (
					"$(inherited)",
					"@executable_path/Frameworks",
				);
				PRODUCT_BUNDLE_IDENTIFIER = za.co.dvt.XouTube;
				PRODUCT_NAME = "$(TARGET_NAME)";
				SWIFT_VERSION = 5.0;
				TARGETED_DEVICE_FAMILY = "1,2";
			};
			name = Debug;
		};
		3803EA8C23EA998B00DC745C /* Release */ = {
			isa = XCBuildConfiguration;
			buildSettings = {
				ASSETCATALOG_COMPILER_APPICON_NAME = AppIcon;
				CODE_SIGN_STYLE = Automatic;
				INFOPLIST_FILE = XouTube/Info.plist;
				LD_RUNPATH_SEARCH_PATHS = (
					"$(inherited)",
					"@executable_path/Frameworks",
				);
				PRODUCT_BUNDLE_IDENTIFIER = za.co.dvt.XouTube;
				PRODUCT_NAME = "$(TARGET_NAME)";
				SWIFT_VERSION = 5.0;
				TARGETED_DEVICE_FAMILY = "1,2";
			};
			name = Release;
		};
		3803EA8E23EA998B00DC745C /* Debug */ = {
			isa = XCBuildConfiguration;
			buildSettings = {
				ALWAYS_EMBED_SWIFT_STANDARD_LIBRARIES = YES;
				BUNDLE_LOADER = "$(TEST_HOST)";
				CODE_SIGN_STYLE = Automatic;
				INFOPLIST_FILE = XouTubeTests/Info.plist;
				IPHONEOS_DEPLOYMENT_TARGET = 13.2;
				LD_RUNPATH_SEARCH_PATHS = (
					"$(inherited)",
					"@executable_path/Frameworks",
					"@loader_path/Frameworks",
				);
				PRODUCT_BUNDLE_IDENTIFIER = za.co.dvt.XouTubeTests;
				PRODUCT_NAME = "$(TARGET_NAME)";
				SWIFT_VERSION = 5.0;
				TARGETED_DEVICE_FAMILY = "1,2";
				TEST_HOST = "$(BUILT_PRODUCTS_DIR)/XouTube.app/XouTube";
			};
			name = Debug;
		};
		3803EA8F23EA998B00DC745C /* Release */ = {
			isa = XCBuildConfiguration;
			buildSettings = {
				ALWAYS_EMBED_SWIFT_STANDARD_LIBRARIES = YES;
				BUNDLE_LOADER = "$(TEST_HOST)";
				CODE_SIGN_STYLE = Automatic;
				INFOPLIST_FILE = XouTubeTests/Info.plist;
				IPHONEOS_DEPLOYMENT_TARGET = 13.2;
				LD_RUNPATH_SEARCH_PATHS = (
					"$(inherited)",
					"@executable_path/Frameworks",
					"@loader_path/Frameworks",
				);
				PRODUCT_BUNDLE_IDENTIFIER = za.co.dvt.XouTubeTests;
				PRODUCT_NAME = "$(TARGET_NAME)";
				SWIFT_VERSION = 5.0;
				TARGETED_DEVICE_FAMILY = "1,2";
				TEST_HOST = "$(BUILT_PRODUCTS_DIR)/XouTube.app/XouTube";
			};
			name = Release;
		};
/* End XCBuildConfiguration section */

/* Begin XCConfigurationList section */
		3803EA6623EA998900DC745C /* Build configuration list for PBXProject "XouTube" */ = {
			isa = XCConfigurationList;
			buildConfigurations = (
				3803EA8823EA998B00DC745C /* Debug */,
				3803EA8923EA998B00DC745C /* Release */,
			);
			defaultConfigurationIsVisible = 0;
			defaultConfigurationName = Release;
		};
		3803EA8A23EA998B00DC745C /* Build configuration list for PBXNativeTarget "XouTube" */ = {
			isa = XCConfigurationList;
			buildConfigurations = (
				3803EA8B23EA998B00DC745C /* Debug */,
				3803EA8C23EA998B00DC745C /* Release */,
			);
			defaultConfigurationIsVisible = 0;
			defaultConfigurationName = Release;
		};
		3803EA8D23EA998B00DC745C /* Build configuration list for PBXNativeTarget "XouTubeTests" */ = {
			isa = XCConfigurationList;
			buildConfigurations = (
				3803EA8E23EA998B00DC745C /* Debug */,
				3803EA8F23EA998B00DC745C /* Release */,
			);
			defaultConfigurationIsVisible = 0;
			defaultConfigurationName = Release;
		};
/* End XCConfigurationList section */
	};
	rootObject = 3803EA6323EA998900DC745C /* Project object */;
}
