// !$*UTF8*$!
{
	archiveVersion = 1;
	classes = {
	};
	objectVersion = 51;
	objects = {

/* Begin PBXBuildFile section */
		3803EA6F23EA998900DC745C /* AppDelegate.swift in Sources */ = {isa = PBXBuildFile; fileRef = 3803EA6E23EA998900DC745C /* AppDelegate.swift */; };
		3803EA7123EA998900DC745C /* SceneDelegate.swift in Sources */ = {isa = PBXBuildFile; fileRef = 3803EA7023EA998900DC745C /* SceneDelegate.swift */; };
		3803EA7623EA998900DC745C /* Main.storyboard in Resources */ = {isa = PBXBuildFile; fileRef = 3803EA7423EA998900DC745C /* Main.storyboard */; };
		3803EA7823EA998B00DC745C /* Assets.xcassets in Resources */ = {isa = PBXBuildFile; fileRef = 3803EA7723EA998B00DC745C /* Assets.xcassets */; };
		3803EA7B23EA998B00DC745C /* LaunchScreen.storyboard in Resources */ = {isa = PBXBuildFile; fileRef = 3803EA7923EA998B00DC745C /* LaunchScreen.storyboard */; };
		3803EA8623EA998B00DC745C /* XouTubeTests.swift in Sources */ = {isa = PBXBuildFile; fileRef = 3803EA8523EA998B00DC745C /* XouTubeTests.swift */; };
		38A2970B23F6C28E00DBD8A5 /* LoginViewController.swift in Sources */ = {isa = PBXBuildFile; fileRef = 38A2970A23F6C28E00DBD8A5 /* LoginViewController.swift */; };
		38C805E0240D1D7200578FCA /* MainView.swift in Sources */ = {isa = PBXBuildFile; fileRef = 38C805DF240D1D7200578FCA /* MainView.swift */; };
		38C805E8240E3B0700578FCA /* AnimeTable.swift in Sources */ = {isa = PBXBuildFile; fileRef = 38C805E7240E3B0700578FCA /* AnimeTable.swift */; };
		38C805EA240E66EC00578FCA /* Home.swift in Sources */ = {isa = PBXBuildFile; fileRef = 38C805E9240E66EC00578FCA /* Home.swift */; };
		38C805F22410C0AC00578FCA /* Anime.swift in Sources */ = {isa = PBXBuildFile; fileRef = 38C805F12410C0AC00578FCA /* Anime.swift */; };
		74649833EDB48EC556486A4D /* Pods_XouTubeTests.framework in Frameworks */ = {isa = PBXBuildFile; fileRef = 0DF2660DE2F39C39C8943B1A /* Pods_XouTubeTests.framework */; };
		DCD9B9A5CA0C246E04563BBA /* Pods_XouTube.framework in Frameworks */ = {isa = PBXBuildFile; fileRef = 065B775C8A52B539C44BC800 /* Pods_XouTube.framework */; };
/* End PBXBuildFile section */

/* Begin PBXContainerItemProxy section */
		3803EA8223EA998B00DC745C /* PBXContainerItemProxy */ = {
			isa = PBXContainerItemProxy;
			containerPortal = 3803EA6323EA998900DC745C /* Project object */;
			proxyType = 1;
			remoteGlobalIDString = 3803EA6A23EA998900DC745C;
			remoteInfo = XouTube;
		};
/* End PBXContainerItemProxy section */

/* Begin PBXFileReference section */
		065B775C8A52B539C44BC800 /* Pods_XouTube.framework */ = {isa = PBXFileReference; explicitFileType = wrapper.framework; includeInIndex = 0; path = Pods_XouTube.framework; sourceTree = BUILT_PRODUCTS_DIR; };
		0DF2660DE2F39C39C8943B1A /* Pods_XouTubeTests.framework */ = {isa = PBXFileReference; explicitFileType = wrapper.framework; includeInIndex = 0; path = Pods_XouTubeTests.framework; sourceTree = BUILT_PRODUCTS_DIR; };
		3803EA6B23EA998900DC745C /* XouTube.app */ = {isa = PBXFileReference; explicitFileType = wrapper.application; includeInIndex = 0; path = XouTube.app; sourceTree = BUILT_PRODUCTS_DIR; };
		3803EA6E23EA998900DC745C /* AppDelegate.swift */ = {isa = PBXFileReference; lastKnownFileType = sourcecode.swift; path = AppDelegate.swift; sourceTree = "<group>"; };
		3803EA7023EA998900DC745C /* SceneDelegate.swift */ = {isa = PBXFileReference; lastKnownFileType = sourcecode.swift; path = SceneDelegate.swift; sourceTree = "<group>"; };
		3803EA7523EA998900DC745C /* Base */ = {isa = PBXFileReference; lastKnownFileType = file.storyboard; name = Base; path = Base.lproj/Main.storyboard; sourceTree = "<group>"; };
		3803EA7723EA998B00DC745C /* Assets.xcassets */ = {isa = PBXFileReference; lastKnownFileType = folder.assetcatalog; path = Assets.xcassets; sourceTree = "<group>"; };
		3803EA7A23EA998B00DC745C /* Base */ = {isa = PBXFileReference; lastKnownFileType = file.storyboard; name = Base; path = Base.lproj/LaunchScreen.storyboard; sourceTree = "<group>"; };
		3803EA7C23EA998B00DC745C /* Info.plist */ = {isa = PBXFileReference; lastKnownFileType = text.plist.xml; path = Info.plist; sourceTree = "<group>"; };
		3803EA8123EA998B00DC745C /* XouTubeTests.xctest */ = {isa = PBXFileReference; explicitFileType = wrapper.cfbundle; includeInIndex = 0; path = XouTubeTests.xctest; sourceTree = BUILT_PRODUCTS_DIR; };
		3803EA8523EA998B00DC745C /* XouTubeTests.swift */ = {isa = PBXFileReference; lastKnownFileType = sourcecode.swift; path = XouTubeTests.swift; sourceTree = "<group>"; };
		3803EA8723EA998B00DC745C /* Info.plist */ = {isa = PBXFileReference; lastKnownFileType = text.plist.xml; path = Info.plist; sourceTree = "<group>"; };
		38A2970A23F6C28E00DBD8A5 /* LoginViewController.swift */ = {isa = PBXFileReference; lastKnownFileType = sourcecode.swift; path = LoginViewController.swift; sourceTree = "<group>"; };
		38C805DF240D1D7200578FCA /* MainView.swift */ = {isa = PBXFileReference; lastKnownFileType = sourcecode.swift; path = MainView.swift; sourceTree = "<group>"; };
		38C805E7240E3B0700578FCA /* AnimeTable.swift */ = {isa = PBXFileReference; lastKnownFileType = sourcecode.swift; path = AnimeTable.swift; sourceTree = "<group>"; };
		38C805E9240E66EC00578FCA /* Home.swift */ = {isa = PBXFileReference; lastKnownFileType = sourcecode.swift; path = Home.swift; sourceTree = "<group>"; };
		38C805F12410C0AC00578FCA /* Anime.swift */ = {isa = PBXFileReference; lastKnownFileType = sourcecode.swift; path = Anime.swift; sourceTree = "<group>"; };
		3E03FFAD80158C72216D17A4 /* Pods-XouTubeTests.debug.xcconfig */ = {isa = PBXFileReference; includeInIndex = 1; lastKnownFileType = text.xcconfig; name = "Pods-XouTubeTests.debug.xcconfig"; path = "Target Support Files/Pods-XouTubeTests/Pods-XouTubeTests.debug.xcconfig"; sourceTree = "<group>"; };
		6A41BE9A6977130A3B14FBB3 /* Pods-XouTubeTests.release.xcconfig */ = {isa = PBXFileReference; includeInIndex = 1; lastKnownFileType = text.xcconfig; name = "Pods-XouTubeTests.release.xcconfig"; path = "Target Support Files/Pods-XouTubeTests/Pods-XouTubeTests.release.xcconfig"; sourceTree = "<group>"; };
		7CD9576BCBEEC3DA13C2CB50 /* Pods-XouTube.debug.xcconfig */ = {isa = PBXFileReference; includeInIndex = 1; lastKnownFileType = text.xcconfig; name = "Pods-XouTube.debug.xcconfig"; path = "Target Support Files/Pods-XouTube/Pods-XouTube.debug.xcconfig"; sourceTree = "<group>"; };
		B585A1721C17C897DA839376 /* Pods-XouTube.release.xcconfig */ = {isa = PBXFileReference; includeInIndex = 1; lastKnownFileType = text.xcconfig; name = "Pods-XouTube.release.xcconfig"; path = "Target Support Files/Pods-XouTube/Pods-XouTube.release.xcconfig"; sourceTree = "<group>"; };
/* End PBXFileReference section */

/* Begin PBXFrameworksBuildPhase section */
		3803EA6823EA998900DC745C /* Frameworks */ = {
			isa = PBXFrameworksBuildPhase;
			buildActionMask = 2147483647;
			files = (
				DCD9B9A5CA0C246E04563BBA /* Pods_XouTube.framework in Frameworks */,
			);
			runOnlyForDeploymentPostprocessing = 0;
		};
		3803EA7E23EA998B00DC745C /* Frameworks */ = {
			isa = PBXFrameworksBuildPhase;
			buildActionMask = 2147483647;
			files = (
				74649833EDB48EC556486A4D /* Pods_XouTubeTests.framework in Frameworks */,
			);
			runOnlyForDeploymentPostprocessing = 0;
		};
/* End PBXFrameworksBuildPhase section */

/* Begin PBXGroup section */
		3803EA6223EA998900DC745C = {
			isa = PBXGroup;
			children = (
				3803EA6D23EA998900DC745C /* XouTube */,
				3803EA8423EA998B00DC745C /* XouTubeTests */,
				3803EA6C23EA998900DC745C /* Products */,
				5770C5905CFB4132DD65FA68 /* Pods */,
				C1B324DCAA20B8C6C6B30CE5 /* Frameworks */,
			);
			sourceTree = "<group>";
		};
		3803EA6C23EA998900DC745C /* Products */ = {
			isa = PBXGroup;
			children = (
				3803EA6B23EA998900DC745C /* XouTube.app */,
				3803EA8123EA998B00DC745C /* XouTubeTests.xctest */,
			);
			name = Products;
			sourceTree = "<group>";
		};
		3803EA6D23EA998900DC745C /* XouTube */ = {
			isa = PBXGroup;
			children = (
				38A2971423FD49F100DBD8A5 /* MVVMView */,
				3803EA6E23EA998900DC745C /* AppDelegate.swift */,
				3803EA7023EA998900DC745C /* SceneDelegate.swift */,
				3803EA7423EA998900DC745C /* Main.storyboard */,
				3803EA7723EA998B00DC745C /* Assets.xcassets */,
				3803EA7923EA998B00DC745C /* LaunchScreen.storyboard */,
				3803EA7C23EA998B00DC745C /* Info.plist */,
			);
			path = XouTube;
			sourceTree = "<group>";
		};
		3803EA8423EA998B00DC745C /* XouTubeTests */ = {
			isa = PBXGroup;
			children = (
				3803EA8523EA998B00DC745C /* XouTubeTests.swift */,
				3803EA8723EA998B00DC745C /* Info.plist */,
			);
			path = XouTubeTests;
			sourceTree = "<group>";
		};
		38A2971423FD49F100DBD8A5 /* MVVMView */ = {
			isa = PBXGroup;
			children = (
				38A2970A23F6C28E00DBD8A5 /* LoginViewController.swift */,
				38C805DF240D1D7200578FCA /* MainView.swift */,
				38C805E7240E3B0700578FCA /* AnimeTable.swift */,
				38C805E9240E66EC00578FCA /* Home.swift */,
				38C805F12410C0AC00578FCA /* Anime.swift */,
			);
			path = MVVMView;
			sourceTree = "<group>";
		};
		5770C5905CFB4132DD65FA68 /* Pods */ = {
			isa = PBXGroup;
			children = (
				7CD9576BCBEEC3DA13C2CB50 /* Pods-XouTube.debug.xcconfig */,
				B585A1721C17C897DA839376 /* Pods-XouTube.release.xcconfig */,
				3E03FFAD80158C72216D17A4 /* Pods-XouTubeTests.debug.xcconfig */,
				6A41BE9A6977130A3B14FBB3 /* Pods-XouTubeTests.release.xcconfig */,
			);
			path = Pods;
			sourceTree = "<group>";
		};
		C1B324DCAA20B8C6C6B30CE5 /* Frameworks */ = {
			isa = PBXGroup;
			children = (
				065B775C8A52B539C44BC800 /* Pods_XouTube.framework */,
				0DF2660DE2F39C39C8943B1A /* Pods_XouTubeTests.framework */,
			);
			name = Frameworks;
			sourceTree = "<group>";
		};
/* End PBXGroup section */

/* Begin PBXNativeTarget section */
		3803EA6A23EA998900DC745C /* XouTube */ = {
			isa = PBXNativeTarget;
			buildConfigurationList = 3803EA8A23EA998B00DC745C /* Build configuration list for PBXNativeTarget "XouTube" */;
			buildPhases = (
				211A5F03C035A59A6E2B3D56 /* [CP] Check Pods Manifest.lock */,
				3803EA6723EA998900DC745C /* Sources */,
				3803EA6823EA998900DC745C /* Frameworks */,
				3803EA6923EA998900DC745C /* Resources */,
				3832795823F2C26B00E9BF23 /* ShellScript */,
				2C33C473A0A231961B6F5F88 /* [CP] Embed Pods Frameworks */,
			);
			buildRules = (
			);
			dependencies = (
			);
			name = XouTube;
			productName = XouTube;
			productReference = 3803EA6B23EA998900DC745C /* XouTube.app */;
			productType = "com.apple.product-type.application";
		};
		3803EA8023EA998B00DC745C /* XouTubeTests */ = {
			isa = PBXNativeTarget;
			buildConfigurationList = 3803EA8D23EA998B00DC745C /* Build configuration list for PBXNativeTarget "XouTubeTests" */;
			buildPhases = (
				E215E031DDFD8454E5F4E2D7 /* [CP] Check Pods Manifest.lock */,
				3803EA7D23EA998B00DC745C /* Sources */,
				3803EA7E23EA998B00DC745C /* Frameworks */,
				3803EA7F23EA998B00DC745C /* Resources */,
			);
			buildRules = (
			);
			dependencies = (
				3803EA8323EA998B00DC745C /* PBXTargetDependency */,
			);
			name = XouTubeTests;
			productName = XouTubeTests;
			productReference = 3803EA8123EA998B00DC745C /* XouTubeTests.xctest */;
			productType = "com.apple.product-type.bundle.unit-test";
		};
/* End PBXNativeTarget section */

/* Begin PBXProject section */
		3803EA6323EA998900DC745C /* Project object */ = {
			isa = PBXProject;
			attributes = {
				LastSwiftUpdateCheck = 1130;
				LastUpgradeCheck = 1130;
				ORGANIZATIONNAME = "Xander Schoeman";
				TargetAttributes = {
					3803EA6A23EA998900DC745C = {
						CreatedOnToolsVersion = 11.3.1;
					};
					3803EA8023EA998B00DC745C = {
						CreatedOnToolsVersion = 11.3.1;
						TestTargetID = 3803EA6A23EA998900DC745C;
					};
				};
			};
			buildConfigurationList = 3803EA6623EA998900DC745C /* Build configuration list for PBXProject "XouTube" */;
			compatibilityVersion = "Xcode 9.3";
			developmentRegion = en;
			hasScannedForEncodings = 0;
			knownRegions = (
				en,
				Base,
			);
			mainGroup = 3803EA6223EA998900DC745C;
			productRefGroup = 3803EA6C23EA998900DC745C /* Products */;
			projectDirPath = "";
			projectRoot = "";
			targets = (
				3803EA6A23EA998900DC745C /* XouTube */,
				3803EA8023EA998B00DC745C /* XouTubeTests */,
			);
		};
/* End PBXProject section */

/* Begin PBXResourcesBuildPhase section */
		3803EA6923EA998900DC745C /* Resources */ = {
			isa = PBXResourcesBuildPhase;
			buildActionMask = 2147483647;
			files = (
				3803EA7B23EA998B00DC745C /* LaunchScreen.storyboard in Resources */,
				3803EA7823EA998B00DC745C /* Assets.xcassets in Resources */,
				3803EA7623EA998900DC745C /* Main.storyboard in Resources */,
			);
			runOnlyForDeploymentPostprocessing = 0;
		};
		3803EA7F23EA998B00DC745C /* Resources */ = {
			isa = PBXResourcesBuildPhase;
			buildActionMask = 2147483647;
			files = (
			);
			runOnlyForDeploymentPostprocessing = 0;
		};
/* End PBXResourcesBuildPhase section */

/* Begin PBXShellScriptBuildPhase section */
		211A5F03C035A59A6E2B3D56 /* [CP] Check Pods Manifest.lock */ = {
			isa = PBXShellScriptBuildPhase;
			buildActionMask = 2147483647;
			files = (
			);
			inputFileListPaths = (
			);
			inputPaths = (
				"${PODS_PODFILE_DIR_PATH}/Podfile.lock",
				"${PODS_ROOT}/Manifest.lock",
			);
			name = "[CP] Check Pods Manifest.lock";
			outputFileListPaths = (
			);
			outputPaths = (
				"$(DERIVED_FILE_DIR)/Pods-XouTube-checkManifestLockResult.txt",
			);
			runOnlyForDeploymentPostprocessing = 0;
			shellPath = /bin/sh;
			shellScript = "diff \"${PODS_PODFILE_DIR_PATH}/Podfile.lock\" \"${PODS_ROOT}/Manifest.lock\" > /dev/null\nif [ $? != 0 ] ; then\n    # print error to STDERR\n    echo \"error: The sandbox is not in sync with the Podfile.lock. Run 'pod install' or update your CocoaPods installation.\" >&2\n    exit 1\nfi\n# This output is used by Xcode 'outputs' to avoid re-running this script phase.\necho \"SUCCESS\" > \"${SCRIPT_OUTPUT_FILE_0}\"\n";
			showEnvVarsInLog = 0;
		};
		2C33C473A0A231961B6F5F88 /* [CP] Embed Pods Frameworks */ = {
			isa = PBXShellScriptBuildPhase;
			buildActionMask = 2147483647;
			files = (
			);
			inputFileListPaths = (
				"${PODS_ROOT}/Target Support Files/Pods-XouTube/Pods-XouTube-frameworks-${CONFIGURATION}-input-files.xcfilelist",
			);
			name = "[CP] Embed Pods Frameworks";
			outputFileListPaths = (
				"${PODS_ROOT}/Target Support Files/Pods-XouTube/Pods-XouTube-frameworks-${CONFIGURATION}-output-files.xcfilelist",
			);
			runOnlyForDeploymentPostprocessing = 0;
			shellPath = /bin/sh;
			shellScript = "\"${PODS_ROOT}/Target Support Files/Pods-XouTube/Pods-XouTube-frameworks.sh\"\n";
			showEnvVarsInLog = 0;
		};
		3832795823F2C26B00E9BF23 /* ShellScript */ = {
			isa = PBXShellScriptBuildPhase;
			buildActionMask = 2147483647;
			files = (
			);
			inputFileListPaths = (
			);
			inputPaths = (
			);
			outputFileListPaths = (
			);
			outputPaths = (
			);
			runOnlyForDeploymentPostprocessing = 0;
			shellPath = /bin/sh;
			shellScript = "if which swiftlint >/dev/null; then\n  swiftlint\nelse\n  echo \"warning: SwiftLint not installed, download from https://github.com/realm/SwiftLint\"\nfi\n";
		};
		E215E031DDFD8454E5F4E2D7 /* [CP] Check Pods Manifest.lock */ = {
			isa = PBXShellScriptBuildPhase;
			buildActionMask = 2147483647;
			files = (
			);
			inputFileListPaths = (
			);
			inputPaths = (
				"${PODS_PODFILE_DIR_PATH}/Podfile.lock",
				"${PODS_ROOT}/Manifest.lock",
			);
			name = "[CP] Check Pods Manifest.lock";
			outputFileListPaths = (
			);
			outputPaths = (
				"$(DERIVED_FILE_DIR)/Pods-XouTubeTests-checkManifestLockResult.txt",
			);
			runOnlyForDeploymentPostprocessing = 0;
			shellPath = /bin/sh;
			shellScript = "diff \"${PODS_PODFILE_DIR_PATH}/Podfile.lock\" \"${PODS_ROOT}/Manifest.lock\" > /dev/null\nif [ $? != 0 ] ; then\n    # print error to STDERR\n    echo \"error: The sandbox is not in sync with the Podfile.lock. Run 'pod install' or update your CocoaPods installation.\" >&2\n    exit 1\nfi\n# This output is used by Xcode 'outputs' to avoid re-running this script phase.\necho \"SUCCESS\" > \"${SCRIPT_OUTPUT_FILE_0}\"\n";
			showEnvVarsInLog = 0;
		};
/* End PBXShellScriptBuildPhase section */

/* Begin PBXSourcesBuildPhase section */
		3803EA6723EA998900DC745C /* Sources */ = {
			isa = PBXSourcesBuildPhase;
			buildActionMask = 2147483647;
			files = (
				3803EA6F23EA998900DC745C /* AppDelegate.swift in Sources */,
				38C805E8240E3B0700578FCA /* AnimeTable.swift in Sources */,
				38C805EA240E66EC00578FCA /* Home.swift in Sources */,
				38C805F22410C0AC00578FCA /* Anime.swift in Sources */,
				38A2970B23F6C28E00DBD8A5 /* LoginViewController.swift in Sources */,
				38C805E0240D1D7200578FCA /* MainView.swift in Sources */,
				3803EA7123EA998900DC745C /* SceneDelegate.swift in Sources */,
			);
			runOnlyForDeploymentPostprocessing = 0;
		};
		3803EA7D23EA998B00DC745C /* Sources */ = {
			isa = PBXSourcesBuildPhase;
			buildActionMask = 2147483647;
			files = (
				3803EA8623EA998B00DC745C /* XouTubeTests.swift in Sources */,
			);
			runOnlyForDeploymentPostprocessing = 0;
		};
/* End PBXSourcesBuildPhase section */

/* Begin PBXTargetDependency section */
		3803EA8323EA998B00DC745C /* PBXTargetDependency */ = {
			isa = PBXTargetDependency;
			target = 3803EA6A23EA998900DC745C /* XouTube */;
			targetProxy = 3803EA8223EA998B00DC745C /* PBXContainerItemProxy */;
		};
/* End PBXTargetDependency section */

/* Begin PBXVariantGroup section */
		3803EA7423EA998900DC745C /* Main.storyboard */ = {
			isa = PBXVariantGroup;
			children = (
				3803EA7523EA998900DC745C /* Base */,
			);
			name = Main.storyboard;
			sourceTree = "<group>";
		};
		3803EA7923EA998B00DC745C /* LaunchScreen.storyboard */ = {
			isa = PBXVariantGroup;
			children = (
				3803EA7A23EA998B00DC745C /* Base */,
			);
			name = LaunchScreen.storyboard;
			sourceTree = "<group>";
		};
/* End PBXVariantGroup section */

/* Begin XCBuildConfiguration section */
		3803EA8823EA998B00DC745C /* Debug */ = {
			isa = XCBuildConfiguration;
			buildSettings = {
				ALWAYS_SEARCH_USER_PATHS = NO;
				CLANG_ANALYZER_NONNULL = YES;
				CLANG_ANALYZER_NUMBER_OBJECT_CONVERSION = YES_AGGRESSIVE;
				CLANG_CXX_LANGUAGE_STANDARD = "gnu++14";
				CLANG_CXX_LIBRARY = "libc++";
				CLANG_ENABLE_MODULES = YES;
				CLANG_ENABLE_OBJC_ARC = YES;
				CLANG_ENABLE_OBJC_WEAK = YES;
				CLANG_WARN_BLOCK_CAPTURE_AUTORELEASING = YES;
				CLANG_WARN_BOOL_CONVERSION = YES;
				CLANG_WARN_COMMA = YES;
				CLANG_WARN_CONSTANT_CONVERSION = YES;
				CLANG_WARN_DEPRECATED_OBJC_IMPLEMENTATIONS = YES;
				CLANG_WARN_DIRECT_OBJC_ISA_USAGE = YES_ERROR;
				CLANG_WARN_DOCUMENTATION_COMMENTS = YES;
				CLANG_WARN_EMPTY_BODY = YES;
				CLANG_WARN_ENUM_CONVERSION = YES;
				CLANG_WARN_INFINITE_RECURSION = YES;
				CLANG_WARN_INT_CONVERSION = YES;
				CLANG_WARN_NON_LITERAL_NULL_CONVERSION = YES;
				CLANG_WARN_OBJC_IMPLICIT_RETAIN_SELF = YES;
				CLANG_WARN_OBJC_LITERAL_CONVERSION = YES;
				CLANG_WARN_OBJC_ROOT_CLASS = YES_ERROR;
				CLANG_WARN_RANGE_LOOP_ANALYSIS = YES;
				CLANG_WARN_STRICT_PROTOTYPES = YES;
				CLANG_WARN_SUSPICIOUS_MOVE = YES;
				CLANG_WARN_UNGUARDED_AVAILABILITY = YES_AGGRESSIVE;
				CLANG_WARN_UNREACHABLE_CODE = YES;
				CLANG_WARN__DUPLICATE_METHOD_MATCH = YES;
				COPY_PHASE_STRIP = NO;
				DEBUG_INFORMATION_FORMAT = dwarf;
				ENABLE_STRICT_OBJC_MSGSEND = YES;
				ENABLE_TESTABILITY = YES;
				GCC_C_LANGUAGE_STANDARD = gnu11;
				GCC_DYNAMIC_NO_PIC = NO;
				GCC_NO_COMMON_BLOCKS = YES;
				GCC_OPTIMIZATION_LEVEL = 0;
				GCC_PREPROCESSOR_DEFINITIONS = (
					"DEBUG=1",
					"$(inherited)",
				);
				GCC_WARN_64_TO_32_BIT_CONVERSION = YES;
				GCC_WARN_ABOUT_RETURN_TYPE = YES_ERROR;
				GCC_WARN_UNDECLARED_SELECTOR = YES;
				GCC_WARN_UNINITIALIZED_AUTOS = YES_AGGRESSIVE;
				GCC_WARN_UNUSED_FUNCTION = YES;
				GCC_WARN_UNUSED_VARIABLE = YES;
				IPHONEOS_DEPLOYMENT_TARGET = 13.0;
				MTL_ENABLE_DEBUG_INFO = INCLUDE_SOURCE;
				MTL_FAST_MATH = YES;
				ONLY_ACTIVE_ARCH = YES;
				SDKROOT = iphoneos;
				SWIFT_ACTIVE_COMPILATION_CONDITIONS = DEBUG;
				SWIFT_OPTIMIZATION_LEVEL = "-Onone";
			};
			name = Debug;
		};
		3803EA8923EA998B00DC745C /* Release */ = {
			isa = XCBuildConfiguration;
			buildSettings = {
				ALWAYS_SEARCH_USER_PATHS = NO;
				CLANG_ANALYZER_NONNULL = YES;
				CLANG_ANALYZER_NUMBER_OBJECT_CONVERSION = YES_AGGRESSIVE;
				CLANG_CXX_LANGUAGE_STANDARD = "gnu++14";
				CLANG_CXX_LIBRARY = "libc++";
				CLANG_ENABLE_MODULES = YES;
				CLANG_ENABLE_OBJC_ARC = YES;
				CLANG_ENABLE_OBJC_WEAK = YES;
				CLANG_WARN_BLOCK_CAPTURE_AUTORELEASING = YES;
				CLANG_WARN_BOOL_CONVERSION = YES;
				CLANG_WARN_COMMA = YES;
				CLANG_WARN_CONSTANT_CONVERSION = YES;
				CLANG_WARN_DEPRECATED_OBJC_IMPLEMENTATIONS = YES;
				CLANG_WARN_DIRECT_OBJC_ISA_USAGE = YES_ERROR;
				CLANG_WARN_DOCUMENTATION_COMMENTS = YES;
				CLANG_WARN_EMPTY_BODY = YES;
				CLANG_WARN_ENUM_CONVERSION = YES;
				CLANG_WARN_INFINITE_RECURSION = YES;
				CLANG_WARN_INT_CONVERSION = YES;
				CLANG_WARN_NON_LITERAL_NULL_CONVERSION = YES;
				CLANG_WARN_OBJC_IMPLICIT_RETAIN_SELF = YES;
				CLANG_WARN_OBJC_LITERAL_CONVERSION = YES;
				CLANG_WARN_OBJC_ROOT_CLASS = YES_ERROR;
				CLANG_WARN_RANGE_LOOP_ANALYSIS = YES;
				CLANG_WARN_STRICT_PROTOTYPES = YES;
				CLANG_WARN_SUSPICIOUS_MOVE = YES;
				CLANG_WARN_UNGUARDED_AVAILABILITY = YES_AGGRESSIVE;
				CLANG_WARN_UNREACHABLE_CODE = YES;
				CLANG_WARN__DUPLICATE_METHOD_MATCH = YES;
				COPY_PHASE_STRIP = NO;
				DEBUG_INFORMATION_FORMAT = "dwarf-with-dsym";
				ENABLE_NS_ASSERTIONS = NO;
				ENABLE_STRICT_OBJC_MSGSEND = YES;
				GCC_C_LANGUAGE_STANDARD = gnu11;
				GCC_NO_COMMON_BLOCKS = YES;
				GCC_WARN_64_TO_32_BIT_CONVERSION = YES;
				GCC_WARN_ABOUT_RETURN_TYPE = YES_ERROR;
				GCC_WARN_UNDECLARED_SELECTOR = YES;
				GCC_WARN_UNINITIALIZED_AUTOS = YES_AGGRESSIVE;
				GCC_WARN_UNUSED_FUNCTION = YES;
				GCC_WARN_UNUSED_VARIABLE = YES;
				IPHONEOS_DEPLOYMENT_TARGET = 13.0;
				MTL_ENABLE_DEBUG_INFO = NO;
				MTL_FAST_MATH = YES;
				SDKROOT = iphoneos;
				SWIFT_COMPILATION_MODE = wholemodule;
				SWIFT_OPTIMIZATION_LEVEL = "-O";
				VALIDATE_PRODUCT = YES;
			};
			name = Release;
		};
		3803EA8B23EA998B00DC745C /* Debug */ = {
			isa = XCBuildConfiguration;
			baseConfigurationReference = 7CD9576BCBEEC3DA13C2CB50 /* Pods-XouTube.debug.xcconfig */;
			buildSettings = {
				ASSETCATALOG_COMPILER_APPICON_NAME = AppIcon;
				CODE_SIGN_STYLE = Automatic;
				DEVELOPMENT_TEAM = F878299AUP;
				INFOPLIST_FILE = XouTube/Info.plist;
				LD_RUNPATH_SEARCH_PATHS = (
					"$(inherited)",
					"@executable_path/Frameworks",
				);
				PRODUCT_BUNDLE_IDENTIFIER = za.co.dvt.XouTube;
				PRODUCT_NAME = "$(TARGET_NAME)";
				SWIFT_VERSION = 5.0;
				TARGETED_DEVICE_FAMILY = "1,2";
			};
			name = Debug;
		};
		3803EA8C23EA998B00DC745C /* Release */ = {
			isa = XCBuildConfiguration;
			baseConfigurationReference = B585A1721C17C897DA839376 /* Pods-XouTube.release.xcconfig */;
			buildSettings = {
				ASSETCATALOG_COMPILER_APPICON_NAME = AppIcon;
				CODE_SIGN_STYLE = Automatic;
				DEVELOPMENT_TEAM = F878299AUP;
				INFOPLIST_FILE = XouTube/Info.plist;
				LD_RUNPATH_SEARCH_PATHS = (
					"$(inherited)",
					"@executable_path/Frameworks",
				);
				PRODUCT_BUNDLE_IDENTIFIER = za.co.dvt.XouTube;
				PRODUCT_NAME = "$(TARGET_NAME)";
				SWIFT_VERSION = 5.0;
				TARGETED_DEVICE_FAMILY = "1,2";
			};
			name = Release;
		};
		3803EA8E23EA998B00DC745C /* Debug */ = {
			isa = XCBuildConfiguration;
			baseConfigurationReference = 3E03FFAD80158C72216D17A4 /* Pods-XouTubeTests.debug.xcconfig */;
			buildSettings = {
				ALWAYS_EMBED_SWIFT_STANDARD_LIBRARIES = YES;
				BUNDLE_LOADER = "$(TEST_HOST)";
				CODE_SIGN_STYLE = Automatic;
				INFOPLIST_FILE = XouTubeTests/Info.plist;
				IPHONEOS_DEPLOYMENT_TARGET = 13.2;
				LD_RUNPATH_SEARCH_PATHS = (
					"$(inherited)",
					"@executable_path/Frameworks",
					"@loader_path/Frameworks",
				);
				PRODUCT_BUNDLE_IDENTIFIER = za.co.dvt.XouTubeTests;
				PRODUCT_NAME = "$(TARGET_NAME)";
				SWIFT_VERSION = 5.0;
				TARGETED_DEVICE_FAMILY = "1,2";
				TEST_HOST = "$(BUILT_PRODUCTS_DIR)/XouTube.app/XouTube";
			};
			name = Debug;
		};
		3803EA8F23EA998B00DC745C /* Release */ = {
			isa = XCBuildConfiguration;
			baseConfigurationReference = 6A41BE9A6977130A3B14FBB3 /* Pods-XouTubeTests.release.xcconfig */;
			buildSettings = {
				ALWAYS_EMBED_SWIFT_STANDARD_LIBRARIES = YES;
				BUNDLE_LOADER = "$(TEST_HOST)";
				CODE_SIGN_STYLE = Automatic;
				INFOPLIST_FILE = XouTubeTests/Info.plist;
				IPHONEOS_DEPLOYMENT_TARGET = 13.2;
				LD_RUNPATH_SEARCH_PATHS = (
					"$(inherited)",
					"@executable_path/Frameworks",
					"@loader_path/Frameworks",
				);
				PRODUCT_BUNDLE_IDENTIFIER = za.co.dvt.XouTubeTests;
				PRODUCT_NAME = "$(TARGET_NAME)";
				SWIFT_VERSION = 5.0;
				TARGETED_DEVICE_FAMILY = "1,2";
				TEST_HOST = "$(BUILT_PRODUCTS_DIR)/XouTube.app/XouTube";
			};
			name = Release;
		};
/* End XCBuildConfiguration section */

/* Begin XCConfigurationList section */
		3803EA6623EA998900DC745C /* Build configuration list for PBXProject "XouTube" */ = {
			isa = XCConfigurationList;
			buildConfigurations = (
				3803EA8823EA998B00DC745C /* Debug */,
				3803EA8923EA998B00DC745C /* Release */,
			);
			defaultConfigurationIsVisible = 0;
			defaultConfigurationName = Release;
		};
		3803EA8A23EA998B00DC745C /* Build configuration list for PBXNativeTarget "XouTube" */ = {
			isa = XCConfigurationList;
			buildConfigurations = (
				3803EA8B23EA998B00DC745C /* Debug */,
				3803EA8C23EA998B00DC745C /* Release */,
			);
			defaultConfigurationIsVisible = 0;
			defaultConfigurationName = Release;
		};
		3803EA8D23EA998B00DC745C /* Build configuration list for PBXNativeTarget "XouTubeTests" */ = {
			isa = XCConfigurationList;
			buildConfigurations = (
				3803EA8E23EA998B00DC745C /* Debug */,
				3803EA8F23EA998B00DC745C /* Release */,
			);
			defaultConfigurationIsVisible = 0;
			defaultConfigurationName = Release;
		};
/* End XCConfigurationList section */
	};
	rootObject = 3803EA6323EA998900DC745C /* Project object */;
}
