// !$*UTF8*$!
{
	archiveVersion = 1;
	classes = {
	};
	objectVersion = 51;
	objects = {

/* Begin PBXBuildFile section */
		13536F21B069E95B95D2BDBA /* Pods_XouTubeUITests.framework in Frameworks */ = {isa = PBXBuildFile; fileRef = 4B92912492BD8F24A255E9A3 /* Pods_XouTubeUITests.framework */; };
		3803EA6F23EA998900DC745C /* AppDelegate.swift in Sources */ = {isa = PBXBuildFile; fileRef = 3803EA6E23EA998900DC745C /* AppDelegate.swift */; };
		3803EA7123EA998900DC745C /* SceneDelegate.swift in Sources */ = {isa = PBXBuildFile; fileRef = 3803EA7023EA998900DC745C /* SceneDelegate.swift */; };
		3803EA7623EA998900DC745C /* Main.storyboard in Resources */ = {isa = PBXBuildFile; fileRef = 3803EA7423EA998900DC745C /* Main.storyboard */; };
		3803EA7823EA998B00DC745C /* Assets.xcassets in Resources */ = {isa = PBXBuildFile; fileRef = 3803EA7723EA998B00DC745C /* Assets.xcassets */; };
		3803EA7B23EA998B00DC745C /* LaunchScreen.storyboard in Resources */ = {isa = PBXBuildFile; fileRef = 3803EA7923EA998B00DC745C /* LaunchScreen.storyboard */; };
		38590BBA24519AF1001FA50D /* CustomCell.swift in Sources */ = {isa = PBXBuildFile; fileRef = 38590BB924519AF1001FA50D /* CustomCell.swift */; };
		38590BBC24519F5D001FA50D /* FavouriteCell.swift in Sources */ = {isa = PBXBuildFile; fileRef = 38590BBB24519F5D001FA50D /* FavouriteCell.swift */; };
		38590BBF24530DFD001FA50D /* LoginView.swift in Sources */ = {isa = PBXBuildFile; fileRef = 38590BBE24530DFD001FA50D /* LoginView.swift */; };
		38590BC124530E16001FA50D /* RegisterView.swift in Sources */ = {isa = PBXBuildFile; fileRef = 38590BC024530E16001FA50D /* RegisterView.swift */; };
		385D2AB3241F46120004FAE9 /* TestCase.swift in Sources */ = {isa = PBXBuildFile; fileRef = 385D2AB2241F46120004FAE9 /* TestCase.swift */; };
		385D2AB5241F46460004FAE9 /* TestEnvironment.swift in Sources */ = {isa = PBXBuildFile; fileRef = 385D2AB4241F46460004FAE9 /* TestEnvironment.swift */; };
		385D2AB7241F49580004FAE9 /* FirstTestCheckSomeButtons.swift in Sources */ = {isa = PBXBuildFile; fileRef = 385D2AB6241F49580004FAE9 /* FirstTestCheckSomeButtons.swift */; };
		385D2AB9241F4E5B0004FAE9 /* CheckIfBackButtonsWork.swift in Sources */ = {isa = PBXBuildFile; fileRef = 385D2AB8241F4E5B0004FAE9 /* CheckIfBackButtonsWork.swift */; };
		3895A0862458592A0061C818 /* Interface.storyboard in Resources */ = {isa = PBXBuildFile; fileRef = 3895A0842458592A0061C818 /* Interface.storyboard */; };
		3895A0882458592D0061C818 /* Assets.xcassets in Resources */ = {isa = PBXBuildFile; fileRef = 3895A0872458592D0061C818 /* Assets.xcassets */; };
		3895A08F2458592D0061C818 /* XouTubeWatch Extension.appex in Embed App Extensions */ = {isa = PBXBuildFile; fileRef = 3895A08E2458592D0061C818 /* XouTubeWatch Extension.appex */; settings = {ATTRIBUTES = (RemoveHeadersOnCopy, ); }; };
		3895A0942458592D0061C818 /* InterfaceController.swift in Sources */ = {isa = PBXBuildFile; fileRef = 3895A0932458592D0061C818 /* InterfaceController.swift */; };
		3895A0962458592D0061C818 /* ExtensionDelegate.swift in Sources */ = {isa = PBXBuildFile; fileRef = 3895A0952458592D0061C818 /* ExtensionDelegate.swift */; };
		3895A0982458592D0061C818 /* NotificationController.swift in Sources */ = {isa = PBXBuildFile; fileRef = 3895A0972458592D0061C818 /* NotificationController.swift */; };
		3895A09A2458592D0061C818 /* Assets.xcassets in Resources */ = {isa = PBXBuildFile; fileRef = 3895A0992458592D0061C818 /* Assets.xcassets */; };
		3895A09F2458592D0061C818 /* XouTubeWatch.app in Embed Watch Content */ = {isa = PBXBuildFile; fileRef = 3895A0822458592A0061C818 /* XouTubeWatch.app */; settings = {ATTRIBUTES = (RemoveHeadersOnCopy, ); }; };
		3895A0A9245860520061C818 /* WatchHelper.swift in Sources */ = {isa = PBXBuildFile; fileRef = 3895A0A8245860520061C818 /* WatchHelper.swift */; };
		3895A0E22458BFD40061C818 /* CoreDataRepo.swift in Sources */ = {isa = PBXBuildFile; fileRef = 3895A0E12458BFD40061C818 /* CoreDataRepo.swift */; };
		3895A0EF2458CD7C0061C818 /* DetailsViewModel.swift in Sources */ = {isa = PBXBuildFile; fileRef = 3895A0EE2458CD7C0061C818 /* DetailsViewModel.swift */; };
		3895A1032458E7F40061C818 /* XouTubeFastLaneSnapShots.swift in Sources */ = {isa = PBXBuildFile; fileRef = 3895A1022458E7F40061C818 /* XouTubeFastLaneSnapShots.swift */; };
		3895A10B2458E83D0061C818 /* SnapshotHelper.swift in Sources */ = {isa = PBXBuildFile; fileRef = 3895A10A2458E83D0061C818 /* SnapshotHelper.swift */; };
		3895A10D245965320061C818 /* CoreDataProtocol.swift in Sources */ = {isa = PBXBuildFile; fileRef = 3895A10C245965320061C818 /* CoreDataProtocol.swift */; };
		3895A11424597ED70061C818 /* XouTubeDM.xcdatamodeld in Sources */ = {isa = PBXBuildFile; fileRef = 3895A11224597ED70061C818 /* XouTubeDM.xcdatamodeld */; };
		3895A11E2459A94B0061C818 /* FavouriteViewProtocol.swift in Sources */ = {isa = PBXBuildFile; fileRef = 3895A11D2459A94B0061C818 /* FavouriteViewProtocol.swift */; };
		3895A1202459DB310061C818 /* App Icon.png in Resources */ = {isa = PBXBuildFile; fileRef = 3895A11F2459DB310061C818 /* App Icon.png */; };
		3895A122245A41FB0061C818 /* AppNavigation.swift in Sources */ = {isa = PBXBuildFile; fileRef = 3895A121245A41FB0061C818 /* AppNavigation.swift */; };
		38C2B8AA2423A8A9003EB0AD /* AnimeDetailedInfoView.swift in Sources */ = {isa = PBXBuildFile; fileRef = 38C2B8A92423A8A9003EB0AD /* AnimeDetailedInfoView.swift */; };
		38C2B8E024281C70003EB0AD /* FavouritesView.swift in Sources */ = {isa = PBXBuildFile; fileRef = 38C2B8DF24281C70003EB0AD /* FavouritesView.swift */; };
		38C2B8F8242D1E97003EB0AD /* MangaTableView.swift in Sources */ = {isa = PBXBuildFile; fileRef = 38C2B8F7242D1E97003EB0AD /* MangaTableView.swift */; };
		38C2B8FA242D50AA003EB0AD /* MangaDetailedInfoView.swift in Sources */ = {isa = PBXBuildFile; fileRef = 38C2B8F9242D50AA003EB0AD /* MangaDetailedInfoView.swift */; };
		38C2B9082431C66A003EB0AD /* ProfileView.swift in Sources */ = {isa = PBXBuildFile; fileRef = 38C2B9072431C66A003EB0AD /* ProfileView.swift */; };
		38C2B90C2431E639003EB0AD /* HomeView.m in Sources */ = {isa = PBXBuildFile; fileRef = 38C2B90B2431E639003EB0AD /* HomeView.m */; };
		38C2B92624329C52003EB0AD /* TestApiMethods.swift in Sources */ = {isa = PBXBuildFile; fileRef = 38C2B92524329C52003EB0AD /* TestApiMethods.swift */; };
		38C2B92A2432AEBE003EB0AD /* GoogleService-Info.plist in Resources */ = {isa = PBXBuildFile; fileRef = 38C2B9292432AEBE003EB0AD /* GoogleService-Info.plist */; };
		38C805E8240E3B0700578FCA /* AnimeTable.swift in Sources */ = {isa = PBXBuildFile; fileRef = 38C805E7240E3B0700578FCA /* AnimeTable.swift */; };
		38C8060324160BFA00578FCA /* Structs.swift in Sources */ = {isa = PBXBuildFile; fileRef = 38C8060224160BFA00578FCA /* Structs.swift */; };
		38C80605241616B900578FCA /* Extensions.swift in Sources */ = {isa = PBXBuildFile; fileRef = 38C80604241616B900578FCA /* Extensions.swift */; };
		DD32E4A9350342CEE671CE1A /* Pods_XouTubeTests.framework in Frameworks */ = {isa = PBXBuildFile; fileRef = B8F4C2BE90B70319AACDCB35 /* Pods_XouTubeTests.framework */; };
		F50BE9D12F470709E1271F85 /* Pods_XouTube.framework in Frameworks */ = {isa = PBXBuildFile; fileRef = 32375F9F68EF04EDD50D984D /* Pods_XouTube.framework */; };
/* End PBXBuildFile section */

/* Begin PBXContainerItemProxy section */
		3803EA8223EA998B00DC745C /* PBXContainerItemProxy */ = {
			isa = PBXContainerItemProxy;
			containerPortal = 3803EA6323EA998900DC745C /* Project object */;
			proxyType = 1;
			remoteGlobalIDString = 3803EA6A23EA998900DC745C;
			remoteInfo = XouTube;
		};
		385D2AAC241F450D0004FAE9 /* PBXContainerItemProxy */ = {
			isa = PBXContainerItemProxy;
			containerPortal = 3803EA6323EA998900DC745C /* Project object */;
			proxyType = 1;
			remoteGlobalIDString = 3803EA6A23EA998900DC745C;
			remoteInfo = XouTube;
		};
		3895A0902458592D0061C818 /* PBXContainerItemProxy */ = {
			isa = PBXContainerItemProxy;
			containerPortal = 3803EA6323EA998900DC745C /* Project object */;
			proxyType = 1;
			remoteGlobalIDString = 3895A08D2458592D0061C818;
			remoteInfo = "XouTubeWatch Extension";
		};
		3895A09D2458592D0061C818 /* PBXContainerItemProxy */ = {
			isa = PBXContainerItemProxy;
			containerPortal = 3803EA6323EA998900DC745C /* Project object */;
			proxyType = 1;
			remoteGlobalIDString = 3895A0812458592A0061C818;
			remoteInfo = XouTubeWatch;
		};
		3895A1052458E7F40061C818 /* PBXContainerItemProxy */ = {
			isa = PBXContainerItemProxy;
			containerPortal = 3803EA6323EA998900DC745C /* Project object */;
			proxyType = 1;
			remoteGlobalIDString = 3803EA6A23EA998900DC745C;
			remoteInfo = XouTube;
		};
/* End PBXContainerItemProxy section */

/* Begin PBXCopyFilesBuildPhase section */
		3895A0A02458592D0061C818 /* Embed Watch Content */ = {
			isa = PBXCopyFilesBuildPhase;
			buildActionMask = 2147483647;
			dstPath = "$(CONTENTS_FOLDER_PATH)/Watch";
			dstSubfolderSpec = 16;
			files = (
				3895A09F2458592D0061C818 /* XouTubeWatch.app in Embed Watch Content */,
			);
			name = "Embed Watch Content";
			runOnlyForDeploymentPostprocessing = 0;
		};
		3895A0A32458592D0061C818 /* Embed App Extensions */ = {
			isa = PBXCopyFilesBuildPhase;
			buildActionMask = 2147483647;
			dstPath = "";
			dstSubfolderSpec = 13;
			files = (
				3895A08F2458592D0061C818 /* XouTubeWatch Extension.appex in Embed App Extensions */,
			);
			name = "Embed App Extensions";
			runOnlyForDeploymentPostprocessing = 0;
		};
/* End PBXCopyFilesBuildPhase section */

/* Begin PBXFileReference section */
		18FB1BF811D48B585E15CBB9 /* Pods-XouTubeUITests.release.xcconfig */ = {isa = PBXFileReference; includeInIndex = 1; lastKnownFileType = text.xcconfig; name = "Pods-XouTubeUITests.release.xcconfig"; path = "Target Support Files/Pods-XouTubeUITests/Pods-XouTubeUITests.release.xcconfig"; sourceTree = "<group>"; };
		32375F9F68EF04EDD50D984D /* Pods_XouTube.framework */ = {isa = PBXFileReference; explicitFileType = wrapper.framework; includeInIndex = 0; path = Pods_XouTube.framework; sourceTree = BUILT_PRODUCTS_DIR; };
		36EB77F0C2468B6FCD921A78 /* Pods-XouTube.debug.xcconfig */ = {isa = PBXFileReference; includeInIndex = 1; lastKnownFileType = text.xcconfig; name = "Pods-XouTube.debug.xcconfig"; path = "Target Support Files/Pods-XouTube/Pods-XouTube.debug.xcconfig"; sourceTree = "<group>"; };
		3803EA6B23EA998900DC745C /* XouTube.app */ = {isa = PBXFileReference; explicitFileType = wrapper.application; includeInIndex = 0; path = XouTube.app; sourceTree = BUILT_PRODUCTS_DIR; };
		3803EA6E23EA998900DC745C /* AppDelegate.swift */ = {isa = PBXFileReference; lastKnownFileType = sourcecode.swift; path = AppDelegate.swift; sourceTree = "<group>"; };
		3803EA7023EA998900DC745C /* SceneDelegate.swift */ = {isa = PBXFileReference; lastKnownFileType = sourcecode.swift; path = SceneDelegate.swift; sourceTree = "<group>"; };
		3803EA7523EA998900DC745C /* Base */ = {isa = PBXFileReference; lastKnownFileType = file.storyboard; name = Base; path = Base.lproj/Main.storyboard; sourceTree = "<group>"; };
		3803EA7723EA998B00DC745C /* Assets.xcassets */ = {isa = PBXFileReference; lastKnownFileType = folder.assetcatalog; path = Assets.xcassets; sourceTree = "<group>"; };
		3803EA7A23EA998B00DC745C /* Base */ = {isa = PBXFileReference; lastKnownFileType = file.storyboard; name = Base; path = Base.lproj/LaunchScreen.storyboard; sourceTree = "<group>"; };
		3803EA7C23EA998B00DC745C /* Info.plist */ = {isa = PBXFileReference; lastKnownFileType = text.plist.xml; path = Info.plist; sourceTree = "<group>"; };
		3803EA8123EA998B00DC745C /* XouTubeTests.xctest */ = {isa = PBXFileReference; explicitFileType = wrapper.cfbundle; includeInIndex = 0; path = XouTubeTests.xctest; sourceTree = BUILT_PRODUCTS_DIR; };
		3803EA8723EA998B00DC745C /* Info.plist */ = {isa = PBXFileReference; lastKnownFileType = text.plist.xml; path = Info.plist; sourceTree = "<group>"; };
		38590BB924519AF1001FA50D /* CustomCell.swift */ = {isa = PBXFileReference; lastKnownFileType = sourcecode.swift; path = CustomCell.swift; sourceTree = "<group>"; };
		38590BBB24519F5D001FA50D /* FavouriteCell.swift */ = {isa = PBXFileReference; lastKnownFileType = sourcecode.swift; path = FavouriteCell.swift; sourceTree = "<group>"; };
		38590BBE24530DFD001FA50D /* LoginView.swift */ = {isa = PBXFileReference; lastKnownFileType = sourcecode.swift; path = LoginView.swift; sourceTree = "<group>"; };
		38590BC024530E16001FA50D /* RegisterView.swift */ = {isa = PBXFileReference; lastKnownFileType = sourcecode.swift; path = RegisterView.swift; sourceTree = "<group>"; };
		385D2AA7241F450D0004FAE9 /* XouTubeUITests.xctest */ = {isa = PBXFileReference; explicitFileType = wrapper.cfbundle; includeInIndex = 0; path = XouTubeUITests.xctest; sourceTree = BUILT_PRODUCTS_DIR; };
		385D2AAB241F450D0004FAE9 /* Info.plist */ = {isa = PBXFileReference; lastKnownFileType = text.plist.xml; path = Info.plist; sourceTree = "<group>"; };
		385D2AB2241F46120004FAE9 /* TestCase.swift */ = {isa = PBXFileReference; lastKnownFileType = sourcecode.swift; path = TestCase.swift; sourceTree = "<group>"; };
		385D2AB4241F46460004FAE9 /* TestEnvironment.swift */ = {isa = PBXFileReference; lastKnownFileType = sourcecode.swift; path = TestEnvironment.swift; sourceTree = "<group>"; };
		385D2AB6241F49580004FAE9 /* FirstTestCheckSomeButtons.swift */ = {isa = PBXFileReference; lastKnownFileType = sourcecode.swift; path = FirstTestCheckSomeButtons.swift; sourceTree = "<group>"; };
		385D2AB8241F4E5B0004FAE9 /* CheckIfBackButtonsWork.swift */ = {isa = PBXFileReference; lastKnownFileType = sourcecode.swift; path = CheckIfBackButtonsWork.swift; sourceTree = "<group>"; };
		3895A0822458592A0061C818 /* XouTubeWatch.app */ = {isa = PBXFileReference; explicitFileType = wrapper.application; includeInIndex = 0; path = XouTubeWatch.app; sourceTree = BUILT_PRODUCTS_DIR; };
		3895A0852458592A0061C818 /* Base */ = {isa = PBXFileReference; lastKnownFileType = file.storyboard; name = Base; path = Base.lproj/Interface.storyboard; sourceTree = "<group>"; };
		3895A0872458592D0061C818 /* Assets.xcassets */ = {isa = PBXFileReference; lastKnownFileType = folder.assetcatalog; path = Assets.xcassets; sourceTree = "<group>"; };
		3895A0892458592D0061C818 /* Info.plist */ = {isa = PBXFileReference; lastKnownFileType = text.plist.xml; path = Info.plist; sourceTree = "<group>"; };
		3895A08E2458592D0061C818 /* XouTubeWatch Extension.appex */ = {isa = PBXFileReference; explicitFileType = "wrapper.app-extension"; includeInIndex = 0; path = "XouTubeWatch Extension.appex"; sourceTree = BUILT_PRODUCTS_DIR; };
		3895A0932458592D0061C818 /* InterfaceController.swift */ = {isa = PBXFileReference; lastKnownFileType = sourcecode.swift; path = InterfaceController.swift; sourceTree = "<group>"; };
		3895A0952458592D0061C818 /* ExtensionDelegate.swift */ = {isa = PBXFileReference; lastKnownFileType = sourcecode.swift; path = ExtensionDelegate.swift; sourceTree = "<group>"; };
		3895A0972458592D0061C818 /* NotificationController.swift */ = {isa = PBXFileReference; lastKnownFileType = sourcecode.swift; path = NotificationController.swift; sourceTree = "<group>"; };
		3895A0992458592D0061C818 /* Assets.xcassets */ = {isa = PBXFileReference; lastKnownFileType = folder.assetcatalog; path = Assets.xcassets; sourceTree = "<group>"; };
		3895A09B2458592D0061C818 /* Info.plist */ = {isa = PBXFileReference; lastKnownFileType = text.plist.xml; path = Info.plist; sourceTree = "<group>"; };
		3895A09C2458592D0061C818 /* PushNotificationPayload.apns */ = {isa = PBXFileReference; lastKnownFileType = text; path = PushNotificationPayload.apns; sourceTree = "<group>"; };
		3895A0A8245860520061C818 /* WatchHelper.swift */ = {isa = PBXFileReference; lastKnownFileType = sourcecode.swift; path = WatchHelper.swift; sourceTree = "<group>"; };
		3895A0E12458BFD40061C818 /* CoreDataRepo.swift */ = {isa = PBXFileReference; lastKnownFileType = sourcecode.swift; path = CoreDataRepo.swift; sourceTree = "<group>"; };
		3895A0EE2458CD7C0061C818 /* DetailsViewModel.swift */ = {isa = PBXFileReference; lastKnownFileType = sourcecode.swift; path = DetailsViewModel.swift; sourceTree = "<group>"; };
		3895A1002458E7F40061C818 /* XouTubeFastLaneSnapShots.xctest */ = {isa = PBXFileReference; explicitFileType = wrapper.cfbundle; includeInIndex = 0; path = XouTubeFastLaneSnapShots.xctest; sourceTree = BUILT_PRODUCTS_DIR; };
		3895A1022458E7F40061C818 /* XouTubeFastLaneSnapShots.swift */ = {isa = PBXFileReference; lastKnownFileType = sourcecode.swift; path = XouTubeFastLaneSnapShots.swift; sourceTree = "<group>"; };
		3895A1042458E7F40061C818 /* Info.plist */ = {isa = PBXFileReference; lastKnownFileType = text.plist.xml; path = Info.plist; sourceTree = "<group>"; };
		3895A10A2458E83D0061C818 /* SnapshotHelper.swift */ = {isa = PBXFileReference; fileEncoding = 4; lastKnownFileType = sourcecode.swift; name = SnapshotHelper.swift; path = fastlane/SnapshotHelper.swift; sourceTree = SOURCE_ROOT; };
		3895A10C245965320061C818 /* CoreDataProtocol.swift */ = {isa = PBXFileReference; lastKnownFileType = sourcecode.swift; path = CoreDataProtocol.swift; sourceTree = "<group>"; };
		3895A11324597ED70061C818 /* XouTubeDM.xcdatamodel */ = {isa = PBXFileReference; lastKnownFileType = wrapper.xcdatamodel; path = XouTubeDM.xcdatamodel; sourceTree = "<group>"; };
		3895A11D2459A94B0061C818 /* FavouriteViewProtocol.swift */ = {isa = PBXFileReference; lastKnownFileType = sourcecode.swift; path = FavouriteViewProtocol.swift; sourceTree = "<group>"; };
		3895A11F2459DB310061C818 /* App Icon.png */ = {isa = PBXFileReference; lastKnownFileType = image.png; path = "App Icon.png"; sourceTree = "<group>"; };
		3895A121245A41FB0061C818 /* AppNavigation.swift */ = {isa = PBXFileReference; lastKnownFileType = sourcecode.swift; path = AppNavigation.swift; sourceTree = "<group>"; };
		38C2B8A92423A8A9003EB0AD /* AnimeDetailedInfoView.swift */ = {isa = PBXFileReference; lastKnownFileType = sourcecode.swift; path = AnimeDetailedInfoView.swift; sourceTree = "<group>"; };
		38C2B8DF24281C70003EB0AD /* FavouritesView.swift */ = {isa = PBXFileReference; lastKnownFileType = sourcecode.swift; path = FavouritesView.swift; sourceTree = "<group>"; };
		38C2B8F7242D1E97003EB0AD /* MangaTableView.swift */ = {isa = PBXFileReference; lastKnownFileType = sourcecode.swift; path = MangaTableView.swift; sourceTree = "<group>"; };
		38C2B8F9242D50AA003EB0AD /* MangaDetailedInfoView.swift */ = {isa = PBXFileReference; lastKnownFileType = sourcecode.swift; path = MangaDetailedInfoView.swift; sourceTree = "<group>"; };
		38C2B9072431C66A003EB0AD /* ProfileView.swift */ = {isa = PBXFileReference; lastKnownFileType = sourcecode.swift; path = ProfileView.swift; sourceTree = "<group>"; };
		38C2B90A2431E639003EB0AD /* HomeView.h */ = {isa = PBXFileReference; lastKnownFileType = sourcecode.c.h; path = HomeView.h; sourceTree = "<group>"; };
		38C2B90B2431E639003EB0AD /* HomeView.m */ = {isa = PBXFileReference; lastKnownFileType = sourcecode.c.objc; path = HomeView.m; sourceTree = "<group>"; };
		38C2B92524329C52003EB0AD /* TestApiMethods.swift */ = {isa = PBXFileReference; lastKnownFileType = sourcecode.swift; path = TestApiMethods.swift; sourceTree = "<group>"; };
		38C2B9292432AEBE003EB0AD /* GoogleService-Info.plist */ = {isa = PBXFileReference; fileEncoding = 4; lastKnownFileType = text.plist.xml; path = "GoogleService-Info.plist"; sourceTree = "<group>"; };
		38C805E7240E3B0700578FCA /* AnimeTable.swift */ = {isa = PBXFileReference; lastKnownFileType = sourcecode.swift; path = AnimeTable.swift; sourceTree = "<group>"; };
		38C8060224160BFA00578FCA /* Structs.swift */ = {isa = PBXFileReference; lastKnownFileType = sourcecode.swift; path = Structs.swift; sourceTree = "<group>"; };
		38C80604241616B900578FCA /* Extensions.swift */ = {isa = PBXFileReference; lastKnownFileType = sourcecode.swift; path = Extensions.swift; sourceTree = "<group>"; };
		4B92912492BD8F24A255E9A3 /* Pods_XouTubeUITests.framework */ = {isa = PBXFileReference; explicitFileType = wrapper.framework; includeInIndex = 0; path = Pods_XouTubeUITests.framework; sourceTree = BUILT_PRODUCTS_DIR; };
		6E3B18DD7D94C9EF59139DCA /* Pods-XouTubeTests.release.xcconfig */ = {isa = PBXFileReference; includeInIndex = 1; lastKnownFileType = text.xcconfig; name = "Pods-XouTubeTests.release.xcconfig"; path = "Target Support Files/Pods-XouTubeTests/Pods-XouTubeTests.release.xcconfig"; sourceTree = "<group>"; };
		7A979C09E08E5BD74ED13403 /* Pods-XouTubeTests.debug.xcconfig */ = {isa = PBXFileReference; includeInIndex = 1; lastKnownFileType = text.xcconfig; name = "Pods-XouTubeTests.debug.xcconfig"; path = "Target Support Files/Pods-XouTubeTests/Pods-XouTubeTests.debug.xcconfig"; sourceTree = "<group>"; };
		887F29845E2C81E73E0C899D /* Pods-XouTubeUITests.debug.xcconfig */ = {isa = PBXFileReference; includeInIndex = 1; lastKnownFileType = text.xcconfig; name = "Pods-XouTubeUITests.debug.xcconfig"; path = "Target Support Files/Pods-XouTubeUITests/Pods-XouTubeUITests.debug.xcconfig"; sourceTree = "<group>"; };
		B8F4C2BE90B70319AACDCB35 /* Pods_XouTubeTests.framework */ = {isa = PBXFileReference; explicitFileType = wrapper.framework; includeInIndex = 0; path = Pods_XouTubeTests.framework; sourceTree = BUILT_PRODUCTS_DIR; };
		DADB7731995483F6A8A01587 /* Pods-XouTube.release.xcconfig */ = {isa = PBXFileReference; includeInIndex = 1; lastKnownFileType = text.xcconfig; name = "Pods-XouTube.release.xcconfig"; path = "Target Support Files/Pods-XouTube/Pods-XouTube.release.xcconfig"; sourceTree = "<group>"; };
/* End PBXFileReference section */

/* Begin PBXFrameworksBuildPhase section */
		3803EA6823EA998900DC745C /* Frameworks */ = {
			isa = PBXFrameworksBuildPhase;
			buildActionMask = 2147483647;
			files = (
				F50BE9D12F470709E1271F85 /* Pods_XouTube.framework in Frameworks */,
			);
			runOnlyForDeploymentPostprocessing = 0;
		};
		3803EA7E23EA998B00DC745C /* Frameworks */ = {
			isa = PBXFrameworksBuildPhase;
			buildActionMask = 2147483647;
			files = (
				DD32E4A9350342CEE671CE1A /* Pods_XouTubeTests.framework in Frameworks */,
			);
			runOnlyForDeploymentPostprocessing = 0;
		};
		385D2AA4241F450D0004FAE9 /* Frameworks */ = {
			isa = PBXFrameworksBuildPhase;
			buildActionMask = 2147483647;
			files = (
				13536F21B069E95B95D2BDBA /* Pods_XouTubeUITests.framework in Frameworks */,
			);
			runOnlyForDeploymentPostprocessing = 0;
		};
		3895A08B2458592D0061C818 /* Frameworks */ = {
			isa = PBXFrameworksBuildPhase;
			buildActionMask = 2147483647;
			files = (
			);
			runOnlyForDeploymentPostprocessing = 0;
		};
		3895A0FD2458E7F40061C818 /* Frameworks */ = {
			isa = PBXFrameworksBuildPhase;
			buildActionMask = 2147483647;
			files = (
			);
			runOnlyForDeploymentPostprocessing = 0;
		};
		F2AAD51A88D54E7D0D067BAB /* Frameworks */ = {
			isa = PBXFrameworksBuildPhase;
			buildActionMask = 2147483647;
			files = (
			);
			runOnlyForDeploymentPostprocessing = 0;
		};
/* End PBXFrameworksBuildPhase section */

/* Begin PBXGroup section */
		2121C3D468F0CCF692BB0C54 /* Frameworks */ = {
			isa = PBXGroup;
			children = (
				32375F9F68EF04EDD50D984D /* Pods_XouTube.framework */,
				B8F4C2BE90B70319AACDCB35 /* Pods_XouTubeTests.framework */,
				4B92912492BD8F24A255E9A3 /* Pods_XouTubeUITests.framework */,
			);
			name = Frameworks;
			sourceTree = "<group>";
		};
		3803EA6223EA998900DC745C = {
			isa = PBXGroup;
			children = (
				3803EA6D23EA998900DC745C /* XouTube */,
				3803EA8423EA998B00DC745C /* XouTubeTests */,
				385D2AA8241F450D0004FAE9 /* XouTubeUITests */,
				3895A0832458592A0061C818 /* XouTubeWatch */,
				3895A0922458592D0061C818 /* XouTubeWatch Extension */,
				3895A1012458E7F40061C818 /* XouTubeFastLaneSnapShots */,
				3803EA6C23EA998900DC745C /* Products */,
				5770C5905CFB4132DD65FA68 /* Pods */,
				2121C3D468F0CCF692BB0C54 /* Frameworks */,
			);
			sourceTree = "<group>";
		};
		3803EA6C23EA998900DC745C /* Products */ = {
			isa = PBXGroup;
			children = (
				3803EA6B23EA998900DC745C /* XouTube.app */,
				3803EA8123EA998B00DC745C /* XouTubeTests.xctest */,
				385D2AA7241F450D0004FAE9 /* XouTubeUITests.xctest */,
				3895A0822458592A0061C818 /* XouTubeWatch.app */,
				3895A08E2458592D0061C818 /* XouTubeWatch Extension.appex */,
				3895A1002458E7F40061C818 /* XouTubeFastLaneSnapShots.xctest */,
			);
			name = Products;
			sourceTree = "<group>";
		};
		3803EA6D23EA998900DC745C /* XouTube */ = {
			isa = PBXGroup;
			children = (
				38C2CA85244CEBC8003EB0AD /* features */,
				3803EA6E23EA998900DC745C /* AppDelegate.swift */,
				3803EA7023EA998900DC745C /* SceneDelegate.swift */,
				3803EA7423EA998900DC745C /* Main.storyboard */,
				3803EA7723EA998B00DC745C /* Assets.xcassets */,
				3803EA7923EA998B00DC745C /* LaunchScreen.storyboard */,
				3803EA7C23EA998B00DC745C /* Info.plist */,
				3895A11F2459DB310061C818 /* App Icon.png */,
				38C2B9292432AEBE003EB0AD /* GoogleService-Info.plist */,
				3895A11224597ED70061C818 /* XouTubeDM.xcdatamodeld */,
			);
			path = XouTube;
			sourceTree = "<group>";
		};
		3803EA8423EA998B00DC745C /* XouTubeTests */ = {
			isa = PBXGroup;
			children = (
				3803EA8723EA998B00DC745C /* Info.plist */,
				38C8060224160BFA00578FCA /* Structs.swift */,
				38C80604241616B900578FCA /* Extensions.swift */,
				38C2B92524329C52003EB0AD /* TestApiMethods.swift */,
			);
			path = XouTubeTests;
			sourceTree = "<group>";
		};
		38590BBD2451A1C7001FA50D /* TableCells */ = {
			isa = PBXGroup;
			children = (
				38590BB924519AF1001FA50D /* CustomCell.swift */,
				38590BBB24519F5D001FA50D /* FavouriteCell.swift */,
			);
			path = TableCells;
			sourceTree = "<group>";
		};
		385D2AA8241F450D0004FAE9 /* XouTubeUITests */ = {
			isa = PBXGroup;
			children = (
				385D2AB1241F456F0004FAE9 /* Helper */,
				385D2AAB241F450D0004FAE9 /* Info.plist */,
				385D2AB6241F49580004FAE9 /* FirstTestCheckSomeButtons.swift */,
				385D2AB8241F4E5B0004FAE9 /* CheckIfBackButtonsWork.swift */,
				3895A121245A41FB0061C818 /* AppNavigation.swift */,
			);
			path = XouTubeUITests;
			sourceTree = "<group>";
		};
		385D2AB1241F456F0004FAE9 /* Helper */ = {
			isa = PBXGroup;
			children = (
				385D2AB2241F46120004FAE9 /* TestCase.swift */,
				385D2AB4241F46460004FAE9 /* TestEnvironment.swift */,
			);
			path = Helper;
			sourceTree = "<group>";
		};
		3862E36B244F1BAA00A4C6FA /* AnimeScreen */ = {
			isa = PBXGroup;
			children = (
				38C805E7240E3B0700578FCA /* AnimeTable.swift */,
			);
			path = AnimeScreen;
			sourceTree = "<group>";
		};
		3862E36D244F1C0A00A4C6FA /* MangaScreen */ = {
			isa = PBXGroup;
			children = (
				38C2B8F7242D1E97003EB0AD /* MangaTableView.swift */,
			);
			path = MangaScreen;
			sourceTree = "<group>";
		};
		3862E36E244F1C1700A4C6FA /* DetailsScreen */ = {
			isa = PBXGroup;
			children = (
				38C2B8F9242D50AA003EB0AD /* MangaDetailedInfoView.swift */,
				38C2B8A92423A8A9003EB0AD /* AnimeDetailedInfoView.swift */,
			);
			path = DetailsScreen;
			sourceTree = "<group>";
		};
		3862E36F244F1C2F00A4C6FA /* FavouritesScreen */ = {
			isa = PBXGroup;
			children = (
				38C2B8DF24281C70003EB0AD /* FavouritesView.swift */,
				3895A11D2459A94B0061C818 /* FavouriteViewProtocol.swift */,
			);
			path = FavouritesScreen;
			sourceTree = "<group>";
		};
		3862E370244F1C4400A4C6FA /* HomeScreen */ = {
			isa = PBXGroup;
			children = (
				38C2B90B2431E639003EB0AD /* HomeView.m */,
				38C2B90A2431E639003EB0AD /* HomeView.h */,
			);
			path = HomeScreen;
			sourceTree = "<group>";
		};
		3895A0832458592A0061C818 /* XouTubeWatch */ = {
			isa = PBXGroup;
			children = (
				3895A0842458592A0061C818 /* Interface.storyboard */,
				3895A0872458592D0061C818 /* Assets.xcassets */,
				3895A0892458592D0061C818 /* Info.plist */,
			);
			path = XouTubeWatch;
			sourceTree = "<group>";
		};
		3895A0922458592D0061C818 /* XouTubeWatch Extension */ = {
			isa = PBXGroup;
			children = (
				3895A0932458592D0061C818 /* InterfaceController.swift */,
				3895A0952458592D0061C818 /* ExtensionDelegate.swift */,
				3895A0972458592D0061C818 /* NotificationController.swift */,
				3895A0992458592D0061C818 /* Assets.xcassets */,
				3895A09B2458592D0061C818 /* Info.plist */,
				3895A09C2458592D0061C818 /* PushNotificationPayload.apns */,
				3895A0A8245860520061C818 /* WatchHelper.swift */,
			);
			path = "XouTubeWatch Extension";
			sourceTree = "<group>";
		};
		3895A0E02458BFBC0061C818 /* CoreData */ = {
			isa = PBXGroup;
			children = (
				3895A0E12458BFD40061C818 /* CoreDataRepo.swift */,
				3895A0EE2458CD7C0061C818 /* DetailsViewModel.swift */,
				3895A10C245965320061C818 /* CoreDataProtocol.swift */,
			);
			path = CoreData;
			sourceTree = "<group>";
		};
		3895A1012458E7F40061C818 /* XouTubeFastLaneSnapShots */ = {
			isa = PBXGroup;
			children = (
				3895A10A2458E83D0061C818 /* SnapshotHelper.swift */,
				3895A1022458E7F40061C818 /* XouTubeFastLaneSnapShots.swift */,
				3895A1042458E7F40061C818 /* Info.plist */,
			);
			path = XouTubeFastLaneSnapShots;
			sourceTree = "<group>";
		};
		38C2CA85244CEBC8003EB0AD /* features */ = {
			isa = PBXGroup;
			children = (
				3895A0E02458BFBC0061C818 /* CoreData */,
				38590BBD2451A1C7001FA50D /* TableCells */,
				3862E370244F1C4400A4C6FA /* HomeScreen */,
				3862E36F244F1C2F00A4C6FA /* FavouritesScreen */,
				3862E36E244F1C1700A4C6FA /* DetailsScreen */,
				3862E36D244F1C0A00A4C6FA /* MangaScreen */,
				3862E36B244F1BAA00A4C6FA /* AnimeScreen */,
				38C2CA86244CEBD7003EB0AD /* ProfileAndCredentialsScreens */,
			);
			path = features;
			sourceTree = "<group>";
		};
		38C2CA86244CEBD7003EB0AD /* ProfileAndCredentialsScreens */ = {
			isa = PBXGroup;
			children = (
				38C2B9072431C66A003EB0AD /* ProfileView.swift */,
				38590BBE24530DFD001FA50D /* LoginView.swift */,
				38590BC024530E16001FA50D /* RegisterView.swift */,
			);
			path = ProfileAndCredentialsScreens;
			sourceTree = "<group>";
		};
		5770C5905CFB4132DD65FA68 /* Pods */ = {
			isa = PBXGroup;
			children = (
				36EB77F0C2468B6FCD921A78 /* Pods-XouTube.debug.xcconfig */,
				DADB7731995483F6A8A01587 /* Pods-XouTube.release.xcconfig */,
				7A979C09E08E5BD74ED13403 /* Pods-XouTubeTests.debug.xcconfig */,
				6E3B18DD7D94C9EF59139DCA /* Pods-XouTubeTests.release.xcconfig */,
				887F29845E2C81E73E0C899D /* Pods-XouTubeUITests.debug.xcconfig */,
				18FB1BF811D48B585E15CBB9 /* Pods-XouTubeUITests.release.xcconfig */,
			);
			path = Pods;
			sourceTree = "<group>";
		};
/* End PBXGroup section */

/* Begin PBXNativeTarget section */
		3803EA6A23EA998900DC745C /* XouTube */ = {
			isa = PBXNativeTarget;
			buildConfigurationList = 3803EA8A23EA998B00DC745C /* Build configuration list for PBXNativeTarget "XouTube" */;
			buildPhases = (
				8377900CD1D63A03CFDCDAE8 /* [CP] Check Pods Manifest.lock */,
				3803EA6723EA998900DC745C /* Sources */,
				3803EA6823EA998900DC745C /* Frameworks */,
				3803EA6923EA998900DC745C /* Resources */,
				3832795823F2C26B00E9BF23 /* ShellScript */,
				39078235640DA300D533C71B /* [CP] Embed Pods Frameworks */,
				38C2BB4F243AF4F6003EB0AD /* ShellScript */,
				3895A0A02458592D0061C818 /* Embed Watch Content */,
			);
			buildRules = (
			);
			dependencies = (
				3895A09E2458592D0061C818 /* PBXTargetDependency */,
			);
			name = XouTube;
			productName = XouTube;
			productReference = 3803EA6B23EA998900DC745C /* XouTube.app */;
			productType = "com.apple.product-type.application";
		};
		3803EA8023EA998B00DC745C /* XouTubeTests */ = {
			isa = PBXNativeTarget;
			buildConfigurationList = 3803EA8D23EA998B00DC745C /* Build configuration list for PBXNativeTarget "XouTubeTests" */;
			buildPhases = (
				C3503CABC7870B84DA056728 /* [CP] Check Pods Manifest.lock */,
				3803EA7D23EA998B00DC745C /* Sources */,
				3803EA7E23EA998B00DC745C /* Frameworks */,
				3803EA7F23EA998B00DC745C /* Resources */,
				6D31B55DEF3EAAD08FBDE0FC /* [CP] Embed Pods Frameworks */,
			);
			buildRules = (
			);
			dependencies = (
				3803EA8323EA998B00DC745C /* PBXTargetDependency */,
			);
			name = XouTubeTests;
			productName = XouTubeTests;
			productReference = 3803EA8123EA998B00DC745C /* XouTubeTests.xctest */;
			productType = "com.apple.product-type.bundle.unit-test";
		};
		385D2AA6241F450D0004FAE9 /* XouTubeUITests */ = {
			isa = PBXNativeTarget;
			buildConfigurationList = 385D2AB0241F450D0004FAE9 /* Build configuration list for PBXNativeTarget "XouTubeUITests" */;
			buildPhases = (
				FF64B949157715CC726BD16D /* [CP] Check Pods Manifest.lock */,
				385D2AA3241F450D0004FAE9 /* Sources */,
				385D2AA4241F450D0004FAE9 /* Frameworks */,
				385D2AA5241F450D0004FAE9 /* Resources */,
				A2298E79A9857DC716CBF7FE /* [CP] Embed Pods Frameworks */,
			);
			buildRules = (
			);
			dependencies = (
				385D2AAD241F450D0004FAE9 /* PBXTargetDependency */,
			);
			name = XouTubeUITests;
			productName = XouTubeUITests;
			productReference = 385D2AA7241F450D0004FAE9 /* XouTubeUITests.xctest */;
			productType = "com.apple.product-type.bundle.ui-testing";
		};
		3895A0812458592A0061C818 /* XouTubeWatch */ = {
			isa = PBXNativeTarget;
			buildConfigurationList = 3895A0A72458592D0061C818 /* Build configuration list for PBXNativeTarget "XouTubeWatch" */;
			buildPhases = (
				3895A0802458592A0061C818 /* Resources */,
				3895A0A32458592D0061C818 /* Embed App Extensions */,
				F2AAD51A88D54E7D0D067BAB /* Frameworks */,
			);
			buildRules = (
			);
			dependencies = (
				3895A0912458592D0061C818 /* PBXTargetDependency */,
			);
			name = XouTubeWatch;
			productName = XouTubeWatch;
			productReference = 3895A0822458592A0061C818 /* XouTubeWatch.app */;
			productType = "com.apple.product-type.application.watchapp2";
		};
		3895A08D2458592D0061C818 /* XouTubeWatch Extension */ = {
			isa = PBXNativeTarget;
			buildConfigurationList = 3895A0A62458592D0061C818 /* Build configuration list for PBXNativeTarget "XouTubeWatch Extension" */;
			buildPhases = (
				3895A08A2458592D0061C818 /* Sources */,
				3895A08B2458592D0061C818 /* Frameworks */,
				3895A08C2458592D0061C818 /* Resources */,
			);
			buildRules = (
			);
			dependencies = (
			);
			name = "XouTubeWatch Extension";
			productName = "XouTubeWatch Extension";
			productReference = 3895A08E2458592D0061C818 /* XouTubeWatch Extension.appex */;
			productType = "com.apple.product-type.watchkit2-extension";
		};
		3895A0FF2458E7F40061C818 /* XouTubeFastLaneSnapShots */ = {
			isa = PBXNativeTarget;
			buildConfigurationList = 3895A1092458E7F40061C818 /* Build configuration list for PBXNativeTarget "XouTubeFastLaneSnapShots" */;
			buildPhases = (
				3895A0FC2458E7F40061C818 /* Sources */,
				3895A0FD2458E7F40061C818 /* Frameworks */,
				3895A0FE2458E7F40061C818 /* Resources */,
			);
			buildRules = (
			);
			dependencies = (
				3895A1062458E7F40061C818 /* PBXTargetDependency */,
			);
			name = XouTubeFastLaneSnapShots;
			productName = XouTubeFastLaneSnapShots;
			productReference = 3895A1002458E7F40061C818 /* XouTubeFastLaneSnapShots.xctest */;
			productType = "com.apple.product-type.bundle.ui-testing";
		};
/* End PBXNativeTarget section */

/* Begin PBXProject section */
		3803EA6323EA998900DC745C /* Project object */ = {
			isa = PBXProject;
			attributes = {
				LastSwiftUpdateCheck = 1130;
				LastUpgradeCheck = 1130;
				ORGANIZATIONNAME = "Xander Schoeman";
				TargetAttributes = {
					3803EA6A23EA998900DC745C = {
						CreatedOnToolsVersion = 11.3.1;
						LastSwiftMigration = 1130;
					};
					3803EA8023EA998B00DC745C = {
						CreatedOnToolsVersion = 11.3.1;
						TestTargetID = 3803EA6A23EA998900DC745C;
					};
					385D2AA6241F450D0004FAE9 = {
						CreatedOnToolsVersion = 11.3.1;
						TestTargetID = 3803EA6A23EA998900DC745C;
					};
					3895A0812458592A0061C818 = {
						CreatedOnToolsVersion = 11.3.1;
					};
					3895A08D2458592D0061C818 = {
						CreatedOnToolsVersion = 11.3.1;
					};
					3895A0FF2458E7F40061C818 = {
						CreatedOnToolsVersion = 11.3.1;
						TestTargetID = 3803EA6A23EA998900DC745C;
					};
				};
			};
			buildConfigurationList = 3803EA6623EA998900DC745C /* Build configuration list for PBXProject "XouTube" */;
			compatibilityVersion = "Xcode 9.3";
			developmentRegion = en;
			hasScannedForEncodings = 0;
			knownRegions = (
				en,
				Base,
			);
			mainGroup = 3803EA6223EA998900DC745C;
			productRefGroup = 3803EA6C23EA998900DC745C /* Products */;
			projectDirPath = "";
			projectRoot = "";
			targets = (
				3803EA6A23EA998900DC745C /* XouTube */,
				3803EA8023EA998B00DC745C /* XouTubeTests */,
				385D2AA6241F450D0004FAE9 /* XouTubeUITests */,
				3895A0812458592A0061C818 /* XouTubeWatch */,
				3895A08D2458592D0061C818 /* XouTubeWatch Extension */,
				3895A0FF2458E7F40061C818 /* XouTubeFastLaneSnapShots */,
			);
		};
/* End PBXProject section */

/* Begin PBXResourcesBuildPhase section */
		3803EA6923EA998900DC745C /* Resources */ = {
			isa = PBXResourcesBuildPhase;
			buildActionMask = 2147483647;
			files = (
				3803EA7B23EA998B00DC745C /* LaunchScreen.storyboard in Resources */,
				38C2B92A2432AEBE003EB0AD /* GoogleService-Info.plist in Resources */,
				3803EA7823EA998B00DC745C /* Assets.xcassets in Resources */,
				3803EA7623EA998900DC745C /* Main.storyboard in Resources */,
				3895A1202459DB310061C818 /* App Icon.png in Resources */,
			);
			runOnlyForDeploymentPostprocessing = 0;
		};
		3803EA7F23EA998B00DC745C /* Resources */ = {
			isa = PBXResourcesBuildPhase;
			buildActionMask = 2147483647;
			files = (
			);
			runOnlyForDeploymentPostprocessing = 0;
		};
		385D2AA5241F450D0004FAE9 /* Resources */ = {
			isa = PBXResourcesBuildPhase;
			buildActionMask = 2147483647;
			files = (
			);
			runOnlyForDeploymentPostprocessing = 0;
		};
		3895A0802458592A0061C818 /* Resources */ = {
			isa = PBXResourcesBuildPhase;
			buildActionMask = 2147483647;
			files = (
				3895A0882458592D0061C818 /* Assets.xcassets in Resources */,
				3895A0862458592A0061C818 /* Interface.storyboard in Resources */,
			);
			runOnlyForDeploymentPostprocessing = 0;
		};
		3895A08C2458592D0061C818 /* Resources */ = {
			isa = PBXResourcesBuildPhase;
			buildActionMask = 2147483647;
			files = (
				3895A09A2458592D0061C818 /* Assets.xcassets in Resources */,
			);
			runOnlyForDeploymentPostprocessing = 0;
		};
		3895A0FE2458E7F40061C818 /* Resources */ = {
			isa = PBXResourcesBuildPhase;
			buildActionMask = 2147483647;
			files = (
			);
			runOnlyForDeploymentPostprocessing = 0;
		};
/* End PBXResourcesBuildPhase section */

/* Begin PBXShellScriptBuildPhase section */
		3832795823F2C26B00E9BF23 /* ShellScript */ = {
			isa = PBXShellScriptBuildPhase;
			buildActionMask = 2147483647;
			files = (
			);
			inputFileListPaths = (
			);
			inputPaths = (
			);
			outputFileListPaths = (
			);
			outputPaths = (
			);
			runOnlyForDeploymentPostprocessing = 0;
			shellPath = /bin/sh;
			shellScript = "if which swiftlint >/dev/null; then\n  swiftlint\nelse\n  echo \"warning: SwiftLint not installed, download from https://github.com/realm/SwiftLint\"\nfi\n";
		};
		38C2BB4F243AF4F6003EB0AD /* ShellScript */ = {
			isa = PBXShellScriptBuildPhase;
			buildActionMask = 2147483647;
			files = (
			);
			inputFileListPaths = (
			);
			inputPaths = (
				"${DWARF_DSYM_FOLDER_PATH}/${DWARF_DSYM_FILE_NAME}/Contents/Resources/DWARF/${TARGET_NAME}",
				"$(SRCROOT)/$(BUILT_PRODUCTS_DIR)/$(INFOPLIST_PATH)",
			);
			outputFileListPaths = (
			);
			outputPaths = (
			);
			runOnlyForDeploymentPostprocessing = 0;
			shellPath = /bin/sh;
			shellScript = "# Type a script or drag a script file from your workspace to insert its path.\n\"${PODS_ROOT}/FirebaseCrashlytics/run\"\n";
		};
		39078235640DA300D533C71B /* [CP] Embed Pods Frameworks */ = {
			isa = PBXShellScriptBuildPhase;
			buildActionMask = 2147483647;
			files = (
			);
			inputFileListPaths = (
				"${PODS_ROOT}/Target Support Files/Pods-XouTube/Pods-XouTube-frameworks-${CONFIGURATION}-input-files.xcfilelist",
			);
			name = "[CP] Embed Pods Frameworks";
			outputFileListPaths = (
				"${PODS_ROOT}/Target Support Files/Pods-XouTube/Pods-XouTube-frameworks-${CONFIGURATION}-output-files.xcfilelist",
			);
			runOnlyForDeploymentPostprocessing = 0;
			shellPath = /bin/sh;
			shellScript = "\"${PODS_ROOT}/Target Support Files/Pods-XouTube/Pods-XouTube-frameworks.sh\"\n";
			showEnvVarsInLog = 0;
		};
		6D31B55DEF3EAAD08FBDE0FC /* [CP] Embed Pods Frameworks */ = {
			isa = PBXShellScriptBuildPhase;
			buildActionMask = 2147483647;
			files = (
			);
			inputFileListPaths = (
				"${PODS_ROOT}/Target Support Files/Pods-XouTubeTests/Pods-XouTubeTests-frameworks-${CONFIGURATION}-input-files.xcfilelist",
			);
			name = "[CP] Embed Pods Frameworks";
			outputFileListPaths = (
				"${PODS_ROOT}/Target Support Files/Pods-XouTubeTests/Pods-XouTubeTests-frameworks-${CONFIGURATION}-output-files.xcfilelist",
			);
			runOnlyForDeploymentPostprocessing = 0;
			shellPath = /bin/sh;
			shellScript = "\"${PODS_ROOT}/Target Support Files/Pods-XouTubeTests/Pods-XouTubeTests-frameworks.sh\"\n";
			showEnvVarsInLog = 0;
		};
		8377900CD1D63A03CFDCDAE8 /* [CP] Check Pods Manifest.lock */ = {
			isa = PBXShellScriptBuildPhase;
			buildActionMask = 2147483647;
			files = (
			);
			inputFileListPaths = (
			);
			inputPaths = (
				"${PODS_PODFILE_DIR_PATH}/Podfile.lock",
				"${PODS_ROOT}/Manifest.lock",
			);
			name = "[CP] Check Pods Manifest.lock";
			outputFileListPaths = (
			);
			outputPaths = (
				"$(DERIVED_FILE_DIR)/Pods-XouTube-checkManifestLockResult.txt",
			);
			runOnlyForDeploymentPostprocessing = 0;
			shellPath = /bin/sh;
			shellScript = "diff \"${PODS_PODFILE_DIR_PATH}/Podfile.lock\" \"${PODS_ROOT}/Manifest.lock\" > /dev/null\nif [ $? != 0 ] ; then\n    # print error to STDERR\n    echo \"error: The sandbox is not in sync with the Podfile.lock. Run 'pod install' or update your CocoaPods installation.\" >&2\n    exit 1\nfi\n# This output is used by Xcode 'outputs' to avoid re-running this script phase.\necho \"SUCCESS\" > \"${SCRIPT_OUTPUT_FILE_0}\"\n";
			showEnvVarsInLog = 0;
		};
		A2298E79A9857DC716CBF7FE /* [CP] Embed Pods Frameworks */ = {
			isa = PBXShellScriptBuildPhase;
			buildActionMask = 2147483647;
			files = (
			);
			inputFileListPaths = (
				"${PODS_ROOT}/Target Support Files/Pods-XouTubeUITests/Pods-XouTubeUITests-frameworks-${CONFIGURATION}-input-files.xcfilelist",
			);
			name = "[CP] Embed Pods Frameworks";
			outputFileListPaths = (
				"${PODS_ROOT}/Target Support Files/Pods-XouTubeUITests/Pods-XouTubeUITests-frameworks-${CONFIGURATION}-output-files.xcfilelist",
			);
			runOnlyForDeploymentPostprocessing = 0;
			shellPath = /bin/sh;
			shellScript = "\"${PODS_ROOT}/Target Support Files/Pods-XouTubeUITests/Pods-XouTubeUITests-frameworks.sh\"\n";
			showEnvVarsInLog = 0;
		};
		C3503CABC7870B84DA056728 /* [CP] Check Pods Manifest.lock */ = {
			isa = PBXShellScriptBuildPhase;
			buildActionMask = 2147483647;
			files = (
			);
			inputFileListPaths = (
			);
			inputPaths = (
				"${PODS_PODFILE_DIR_PATH}/Podfile.lock",
				"${PODS_ROOT}/Manifest.lock",
			);
			name = "[CP] Check Pods Manifest.lock";
			outputFileListPaths = (
			);
			outputPaths = (
				"$(DERIVED_FILE_DIR)/Pods-XouTubeTests-checkManifestLockResult.txt",
			);
			runOnlyForDeploymentPostprocessing = 0;
			shellPath = /bin/sh;
			shellScript = "diff \"${PODS_PODFILE_DIR_PATH}/Podfile.lock\" \"${PODS_ROOT}/Manifest.lock\" > /dev/null\nif [ $? != 0 ] ; then\n    # print error to STDERR\n    echo \"error: The sandbox is not in sync with the Podfile.lock. Run 'pod install' or update your CocoaPods installation.\" >&2\n    exit 1\nfi\n# This output is used by Xcode 'outputs' to avoid re-running this script phase.\necho \"SUCCESS\" > \"${SCRIPT_OUTPUT_FILE_0}\"\n";
			showEnvVarsInLog = 0;
		};
		FF64B949157715CC726BD16D /* [CP] Check Pods Manifest.lock */ = {
			isa = PBXShellScriptBuildPhase;
			buildActionMask = 2147483647;
			files = (
			);
			inputFileListPaths = (
			);
			inputPaths = (
				"${PODS_PODFILE_DIR_PATH}/Podfile.lock",
				"${PODS_ROOT}/Manifest.lock",
			);
			name = "[CP] Check Pods Manifest.lock";
			outputFileListPaths = (
			);
			outputPaths = (
				"$(DERIVED_FILE_DIR)/Pods-XouTubeUITests-checkManifestLockResult.txt",
			);
			runOnlyForDeploymentPostprocessing = 0;
			shellPath = /bin/sh;
			shellScript = "diff \"${PODS_PODFILE_DIR_PATH}/Podfile.lock\" \"${PODS_ROOT}/Manifest.lock\" > /dev/null\nif [ $? != 0 ] ; then\n    # print error to STDERR\n    echo \"error: The sandbox is not in sync with the Podfile.lock. Run 'pod install' or update your CocoaPods installation.\" >&2\n    exit 1\nfi\n# This output is used by Xcode 'outputs' to avoid re-running this script phase.\necho \"SUCCESS\" > \"${SCRIPT_OUTPUT_FILE_0}\"\n";
			showEnvVarsInLog = 0;
		};
/* End PBXShellScriptBuildPhase section */

/* Begin PBXSourcesBuildPhase section */
		3803EA6723EA998900DC745C /* Sources */ = {
			isa = PBXSourcesBuildPhase;
			buildActionMask = 2147483647;
			files = (
				3895A0EF2458CD7C0061C818 /* DetailsViewModel.swift in Sources */,
				3803EA6F23EA998900DC745C /* AppDelegate.swift in Sources */,
				38C2B9082431C66A003EB0AD /* ProfileView.swift in Sources */,
				3895A11E2459A94B0061C818 /* FavouriteViewProtocol.swift in Sources */,
				38590BC124530E16001FA50D /* RegisterView.swift in Sources */,
				38590BBA24519AF1001FA50D /* CustomCell.swift in Sources */,
				38C2B8E024281C70003EB0AD /* FavouritesView.swift in Sources */,
				38C805E8240E3B0700578FCA /* AnimeTable.swift in Sources */,
				38C2B8F8242D1E97003EB0AD /* MangaTableView.swift in Sources */,
				3895A0E22458BFD40061C818 /* CoreDataRepo.swift in Sources */,
				38590BBF24530DFD001FA50D /* LoginView.swift in Sources */,
				38590BBC24519F5D001FA50D /* FavouriteCell.swift in Sources */,
				3895A10D245965320061C818 /* CoreDataProtocol.swift in Sources */,
				38C2B8FA242D50AA003EB0AD /* MangaDetailedInfoView.swift in Sources */,
				38C2B90C2431E639003EB0AD /* HomeView.m in Sources */,
				38C2B8AA2423A8A9003EB0AD /* AnimeDetailedInfoView.swift in Sources */,
				3803EA7123EA998900DC745C /* SceneDelegate.swift in Sources */,
				3895A11424597ED70061C818 /* XouTubeDM.xcdatamodeld in Sources */,
			);
			runOnlyForDeploymentPostprocessing = 0;
		};
		3803EA7D23EA998B00DC745C /* Sources */ = {
			isa = PBXSourcesBuildPhase;
			buildActionMask = 2147483647;
			files = (
				38C8060324160BFA00578FCA /* Structs.swift in Sources */,
				38C2B92624329C52003EB0AD /* TestApiMethods.swift in Sources */,
				38C80605241616B900578FCA /* Extensions.swift in Sources */,
			);
			runOnlyForDeploymentPostprocessing = 0;
		};
		385D2AA3241F450D0004FAE9 /* Sources */ = {
			isa = PBXSourcesBuildPhase;
			buildActionMask = 2147483647;
			files = (
				385D2AB5241F46460004FAE9 /* TestEnvironment.swift in Sources */,
				385D2AB3241F46120004FAE9 /* TestCase.swift in Sources */,
				3895A122245A41FB0061C818 /* AppNavigation.swift in Sources */,
				385D2AB7241F49580004FAE9 /* FirstTestCheckSomeButtons.swift in Sources */,
				385D2AB9241F4E5B0004FAE9 /* CheckIfBackButtonsWork.swift in Sources */,
			);
			runOnlyForDeploymentPostprocessing = 0;
		};
		3895A08A2458592D0061C818 /* Sources */ = {
			isa = PBXSourcesBuildPhase;
			buildActionMask = 2147483647;
			files = (
				3895A0982458592D0061C818 /* NotificationController.swift in Sources */,
				3895A0962458592D0061C818 /* ExtensionDelegate.swift in Sources */,
				3895A0942458592D0061C818 /* InterfaceController.swift in Sources */,
				3895A0A9245860520061C818 /* WatchHelper.swift in Sources */,
			);
			runOnlyForDeploymentPostprocessing = 0;
		};
		3895A0FC2458E7F40061C818 /* Sources */ = {
			isa = PBXSourcesBuildPhase;
			buildActionMask = 2147483647;
			files = (
				3895A1032458E7F40061C818 /* XouTubeFastLaneSnapShots.swift in Sources */,
				3895A10B2458E83D0061C818 /* SnapshotHelper.swift in Sources */,
			);
			runOnlyForDeploymentPostprocessing = 0;
		};
/* End PBXSourcesBuildPhase section */

/* Begin PBXTargetDependency section */
		3803EA8323EA998B00DC745C /* PBXTargetDependency */ = {
			isa = PBXTargetDependency;
			target = 3803EA6A23EA998900DC745C /* XouTube */;
			targetProxy = 3803EA8223EA998B00DC745C /* PBXContainerItemProxy */;
		};
		385D2AAD241F450D0004FAE9 /* PBXTargetDependency */ = {
			isa = PBXTargetDependency;
			target = 3803EA6A23EA998900DC745C /* XouTube */;
			targetProxy = 385D2AAC241F450D0004FAE9 /* PBXContainerItemProxy */;
		};
		3895A0912458592D0061C818 /* PBXTargetDependency */ = {
			isa = PBXTargetDependency;
			target = 3895A08D2458592D0061C818 /* XouTubeWatch Extension */;
			targetProxy = 3895A0902458592D0061C818 /* PBXContainerItemProxy */;
		};
		3895A09E2458592D0061C818 /* PBXTargetDependency */ = {
			isa = PBXTargetDependency;
			target = 3895A0812458592A0061C818 /* XouTubeWatch */;
			targetProxy = 3895A09D2458592D0061C818 /* PBXContainerItemProxy */;
		};
		3895A1062458E7F40061C818 /* PBXTargetDependency */ = {
			isa = PBXTargetDependency;
			target = 3803EA6A23EA998900DC745C /* XouTube */;
			targetProxy = 3895A1052458E7F40061C818 /* PBXContainerItemProxy */;
		};
/* End PBXTargetDependency section */

/* Begin PBXVariantGroup section */
		3803EA7423EA998900DC745C /* Main.storyboard */ = {
			isa = PBXVariantGroup;
			children = (
				3803EA7523EA998900DC745C /* Base */,
			);
			name = Main.storyboard;
			sourceTree = "<group>";
		};
		3803EA7923EA998B00DC745C /* LaunchScreen.storyboard */ = {
			isa = PBXVariantGroup;
			children = (
				3803EA7A23EA998B00DC745C /* Base */,
			);
			name = LaunchScreen.storyboard;
			sourceTree = "<group>";
		};
		3895A0842458592A0061C818 /* Interface.storyboard */ = {
			isa = PBXVariantGroup;
			children = (
				3895A0852458592A0061C818 /* Base */,
			);
			name = Interface.storyboard;
			sourceTree = "<group>";
		};
/* End PBXVariantGroup section */

/* Begin XCBuildConfiguration section */
		3803EA8823EA998B00DC745C /* Debug */ = {
			isa = XCBuildConfiguration;
			buildSettings = {
				ALWAYS_SEARCH_USER_PATHS = NO;
				CLANG_ANALYZER_NONNULL = YES;
				CLANG_ANALYZER_NUMBER_OBJECT_CONVERSION = YES_AGGRESSIVE;
				CLANG_CXX_LANGUAGE_STANDARD = "gnu++14";
				CLANG_CXX_LIBRARY = "libc++";
				CLANG_ENABLE_MODULES = YES;
				CLANG_ENABLE_OBJC_ARC = YES;
				CLANG_ENABLE_OBJC_WEAK = YES;
				CLANG_WARN_BLOCK_CAPTURE_AUTORELEASING = YES;
				CLANG_WARN_BOOL_CONVERSION = YES;
				CLANG_WARN_COMMA = YES;
				CLANG_WARN_CONSTANT_CONVERSION = YES;
				CLANG_WARN_DEPRECATED_OBJC_IMPLEMENTATIONS = YES;
				CLANG_WARN_DIRECT_OBJC_ISA_USAGE = YES_ERROR;
				CLANG_WARN_DOCUMENTATION_COMMENTS = YES;
				CLANG_WARN_EMPTY_BODY = YES;
				CLANG_WARN_ENUM_CONVERSION = YES;
				CLANG_WARN_INFINITE_RECURSION = YES;
				CLANG_WARN_INT_CONVERSION = YES;
				CLANG_WARN_NON_LITERAL_NULL_CONVERSION = YES;
				CLANG_WARN_OBJC_IMPLICIT_RETAIN_SELF = YES;
				CLANG_WARN_OBJC_LITERAL_CONVERSION = YES;
				CLANG_WARN_OBJC_ROOT_CLASS = YES_ERROR;
				CLANG_WARN_RANGE_LOOP_ANALYSIS = YES;
				CLANG_WARN_STRICT_PROTOTYPES = YES;
				CLANG_WARN_SUSPICIOUS_MOVE = YES;
				CLANG_WARN_UNGUARDED_AVAILABILITY = YES_AGGRESSIVE;
				CLANG_WARN_UNREACHABLE_CODE = YES;
				CLANG_WARN__DUPLICATE_METHOD_MATCH = YES;
				COPY_PHASE_STRIP = NO;
				DEBUG_INFORMATION_FORMAT = dwarf;
				ENABLE_STRICT_OBJC_MSGSEND = YES;
				ENABLE_TESTABILITY = YES;
				FRAMEWORK_SEARCH_PATHS = "$(inherited)";
				GCC_C_LANGUAGE_STANDARD = gnu11;
				GCC_DYNAMIC_NO_PIC = NO;
				GCC_NO_COMMON_BLOCKS = YES;
				GCC_OPTIMIZATION_LEVEL = 0;
				GCC_PREPROCESSOR_DEFINITIONS = (
					"DEBUG=1",
					"$(inherited)",
				);
				GCC_WARN_64_TO_32_BIT_CONVERSION = YES;
				GCC_WARN_ABOUT_RETURN_TYPE = YES_ERROR;
				GCC_WARN_UNDECLARED_SELECTOR = YES;
				GCC_WARN_UNINITIALIZED_AUTOS = YES_AGGRESSIVE;
				GCC_WARN_UNUSED_FUNCTION = YES;
				GCC_WARN_UNUSED_VARIABLE = YES;
				IPHONEOS_DEPLOYMENT_TARGET = 13.0;
				MTL_ENABLE_DEBUG_INFO = INCLUDE_SOURCE;
				MTL_FAST_MATH = YES;
				ONLY_ACTIVE_ARCH = YES;
				SDKROOT = iphoneos;
				SWIFT_ACTIVE_COMPILATION_CONDITIONS = DEBUG;
				SWIFT_OPTIMIZATION_LEVEL = "-Onone";
			};
			name = Debug;
		};
		3803EA8923EA998B00DC745C /* Release */ = {
			isa = XCBuildConfiguration;
			buildSettings = {
				ALWAYS_SEARCH_USER_PATHS = NO;
				CLANG_ANALYZER_NONNULL = YES;
				CLANG_ANALYZER_NUMBER_OBJECT_CONVERSION = YES_AGGRESSIVE;
				CLANG_CXX_LANGUAGE_STANDARD = "gnu++14";
				CLANG_CXX_LIBRARY = "libc++";
				CLANG_ENABLE_MODULES = YES;
				CLANG_ENABLE_OBJC_ARC = YES;
				CLANG_ENABLE_OBJC_WEAK = YES;
				CLANG_WARN_BLOCK_CAPTURE_AUTORELEASING = YES;
				CLANG_WARN_BOOL_CONVERSION = YES;
				CLANG_WARN_COMMA = YES;
				CLANG_WARN_CONSTANT_CONVERSION = YES;
				CLANG_WARN_DEPRECATED_OBJC_IMPLEMENTATIONS = YES;
				CLANG_WARN_DIRECT_OBJC_ISA_USAGE = YES_ERROR;
				CLANG_WARN_DOCUMENTATION_COMMENTS = YES;
				CLANG_WARN_EMPTY_BODY = YES;
				CLANG_WARN_ENUM_CONVERSION = YES;
				CLANG_WARN_INFINITE_RECURSION = YES;
				CLANG_WARN_INT_CONVERSION = YES;
				CLANG_WARN_NON_LITERAL_NULL_CONVERSION = YES;
				CLANG_WARN_OBJC_IMPLICIT_RETAIN_SELF = YES;
				CLANG_WARN_OBJC_LITERAL_CONVERSION = YES;
				CLANG_WARN_OBJC_ROOT_CLASS = YES_ERROR;
				CLANG_WARN_RANGE_LOOP_ANALYSIS = YES;
				CLANG_WARN_STRICT_PROTOTYPES = YES;
				CLANG_WARN_SUSPICIOUS_MOVE = YES;
				CLANG_WARN_UNGUARDED_AVAILABILITY = YES_AGGRESSIVE;
				CLANG_WARN_UNREACHABLE_CODE = YES;
				CLANG_WARN__DUPLICATE_METHOD_MATCH = YES;
				COPY_PHASE_STRIP = NO;
				DEBUG_INFORMATION_FORMAT = "dwarf-with-dsym";
				ENABLE_NS_ASSERTIONS = NO;
				ENABLE_STRICT_OBJC_MSGSEND = YES;
				FRAMEWORK_SEARCH_PATHS = "$(inherited)";
				GCC_C_LANGUAGE_STANDARD = gnu11;
				GCC_NO_COMMON_BLOCKS = YES;
				GCC_WARN_64_TO_32_BIT_CONVERSION = YES;
				GCC_WARN_ABOUT_RETURN_TYPE = YES_ERROR;
				GCC_WARN_UNDECLARED_SELECTOR = YES;
				GCC_WARN_UNINITIALIZED_AUTOS = YES_AGGRESSIVE;
				GCC_WARN_UNUSED_FUNCTION = YES;
				GCC_WARN_UNUSED_VARIABLE = YES;
				IPHONEOS_DEPLOYMENT_TARGET = 13.0;
				MTL_ENABLE_DEBUG_INFO = NO;
				MTL_FAST_MATH = YES;
				SDKROOT = iphoneos;
				SWIFT_COMPILATION_MODE = wholemodule;
				SWIFT_OPTIMIZATION_LEVEL = "-O";
				VALIDATE_PRODUCT = YES;
			};
			name = Release;
		};
		3803EA8B23EA998B00DC745C /* Debug */ = {
			isa = XCBuildConfiguration;
			baseConfigurationReference = 36EB77F0C2468B6FCD921A78 /* Pods-XouTube.debug.xcconfig */;
			buildSettings = {
				ASSETCATALOG_COMPILER_APPICON_NAME = AppIcon;
				CLANG_ENABLE_MODULES = YES;
				CODE_SIGN_STYLE = Automatic;
				DEBUG_INFORMATION_FORMAT = "dwarf-with-dsym";
				DEFINES_MODULE = YES;
				DEVELOPMENT_TEAM = GLK7J5PP82;
				INFOPLIST_FILE = XouTube/Info.plist;
				IPHONEOS_DEPLOYMENT_TARGET = 13.0;
				LD_RUNPATH_SEARCH_PATHS = (
					"$(inherited)",
					"@executable_path/Frameworks",
				);
				PRODUCT_BUNDLE_IDENTIFIER = za.co.dvt.XouTube;
				PRODUCT_NAME = "$(TARGET_NAME)";
				SWIFT_OPTIMIZATION_LEVEL = "-Onone";
				SWIFT_VERSION = 5.0;
				TARGETED_DEVICE_FAMILY = "1,2";
			};
			name = Debug;
		};
		3803EA8C23EA998B00DC745C /* Release */ = {
			isa = XCBuildConfiguration;
			baseConfigurationReference = DADB7731995483F6A8A01587 /* Pods-XouTube.release.xcconfig */;
			buildSettings = {
				ASSETCATALOG_COMPILER_APPICON_NAME = AppIcon;
				CLANG_ENABLE_MODULES = YES;
				CODE_SIGN_STYLE = Automatic;
				DEBUG_INFORMATION_FORMAT = "dwarf-with-dsym";
				DEFINES_MODULE = YES;
				DEVELOPMENT_TEAM = GLK7J5PP82;
				INFOPLIST_FILE = XouTube/Info.plist;
				IPHONEOS_DEPLOYMENT_TARGET = 13.0;
				LD_RUNPATH_SEARCH_PATHS = (
					"$(inherited)",
					"@executable_path/Frameworks",
				);
				PRODUCT_BUNDLE_IDENTIFIER = za.co.dvt.XouTube;
				PRODUCT_NAME = "$(TARGET_NAME)";
				SWIFT_VERSION = 5.0;
				TARGETED_DEVICE_FAMILY = "1,2";
			};
			name = Release;
		};
		3803EA8E23EA998B00DC745C /* Debug */ = {
			isa = XCBuildConfiguration;
			baseConfigurationReference = 7A979C09E08E5BD74ED13403 /* Pods-XouTubeTests.debug.xcconfig */;
			buildSettings = {
				ALWAYS_EMBED_SWIFT_STANDARD_LIBRARIES = YES;
				BUNDLE_LOADER = "$(TEST_HOST)";
				CODE_SIGN_STYLE = Automatic;
				INFOPLIST_FILE = XouTubeTests/Info.plist;
				IPHONEOS_DEPLOYMENT_TARGET = 13.0;
				LD_RUNPATH_SEARCH_PATHS = (
					"$(inherited)",
					"@executable_path/Frameworks",
					"@loader_path/Frameworks",
				);
				PRODUCT_BUNDLE_IDENTIFIER = za.co.dvt.XouTubeTests;
				PRODUCT_NAME = "$(TARGET_NAME)";
				SWIFT_VERSION = 5.0;
				TARGETED_DEVICE_FAMILY = "1,2";
				TEST_HOST = "$(BUILT_PRODUCTS_DIR)/XouTube.app/XouTube";
			};
			name = Debug;
		};
		3803EA8F23EA998B00DC745C /* Release */ = {
			isa = XCBuildConfiguration;
			baseConfigurationReference = 6E3B18DD7D94C9EF59139DCA /* Pods-XouTubeTests.release.xcconfig */;
			buildSettings = {
				ALWAYS_EMBED_SWIFT_STANDARD_LIBRARIES = YES;
				BUNDLE_LOADER = "$(TEST_HOST)";
				CODE_SIGN_STYLE = Automatic;
				INFOPLIST_FILE = XouTubeTests/Info.plist;
				IPHONEOS_DEPLOYMENT_TARGET = 13.0;
				LD_RUNPATH_SEARCH_PATHS = (
					"$(inherited)",
					"@executable_path/Frameworks",
					"@loader_path/Frameworks",
				);
				PRODUCT_BUNDLE_IDENTIFIER = za.co.dvt.XouTubeTests;
				PRODUCT_NAME = "$(TARGET_NAME)";
				SWIFT_VERSION = 5.0;
				TARGETED_DEVICE_FAMILY = "1,2";
				TEST_HOST = "$(BUILT_PRODUCTS_DIR)/XouTube.app/XouTube";
			};
			name = Release;
		};
		385D2AAE241F450D0004FAE9 /* Debug */ = {
			isa = XCBuildConfiguration;
			baseConfigurationReference = 887F29845E2C81E73E0C899D /* Pods-XouTubeUITests.debug.xcconfig */;
			buildSettings = {
				CODE_SIGN_STYLE = Automatic;
				DEVELOPMENT_TEAM = GLK7J5PP82;
				GCC_PREPROCESSOR_DEFINITIONS = (
					"$(inherited)",
					"COCOAPODS=1",
					"$(inherited)",
					"PB_FIELD_32BIT=1",
					"PB_NO_PACKED_STRUCTS=1",
					"PB_ENABLE_MALLOC=1",
					"$(inherited)",
				);
				HEADER_SEARCH_PATHS = "$(inherited)";
				INFOPLIST_FILE = XouTubeUITests/Info.plist;
				IPHONEOS_DEPLOYMENT_TARGET = 13.0;
				LD_RUNPATH_SEARCH_PATHS = (
					"$(inherited)",
					"@executable_path/Frameworks",
					"@loader_path/Frameworks",
				);
				OTHER_LDFLAGS = (
					"$(inherited)",
					"-ObjC",
					"-l\"c++\"",
					"-l\"sqlite3\"",
					"-l\"z\"",
					"-framework",
					"\"CFNetwork\"",
					"-framework",
					"\"CoreTelephony\"",
					"-framework",
					"\"FBLPromises\"",
					"-framework",
					"\"Foundation\"",
					"-framework",
					"\"GoogleUtilities\"",
					"-framework",
					"\"Security\"",
					"-framework",
					"\"StoreKit\"",
					"-framework",
					"\"SystemConfiguration\"",
					"-framework",
					"\"UIKit\"",
					"-framework",
					"\"nanopb\"",
				);
				PRODUCT_BUNDLE_IDENTIFIER = za.co.dvt.XouTubeUITests;
				PRODUCT_NAME = "$(TARGET_NAME)";
				SWIFT_PRECOMPILE_BRIDGING_HEADER = YES;
				SWIFT_VERSION = 5.0;
				TARGETED_DEVICE_FAMILY = "1,2";
				TEST_TARGET_NAME = XouTube;
			};
			name = Debug;
		};
		385D2AAF241F450D0004FAE9 /* Release */ = {
			isa = XCBuildConfiguration;
			baseConfigurationReference = 18FB1BF811D48B585E15CBB9 /* Pods-XouTubeUITests.release.xcconfig */;
			buildSettings = {
				CODE_SIGN_STYLE = Automatic;
				DEVELOPMENT_TEAM = GLK7J5PP82;
				GCC_PREPROCESSOR_DEFINITIONS = (
					"$(inherited)",
					"COCOAPODS=1",
					"$(inherited)",
					"PB_FIELD_32BIT=1",
					"PB_NO_PACKED_STRUCTS=1",
					"PB_ENABLE_MALLOC=1",
					"$(inherited)",
				);
				HEADER_SEARCH_PATHS = "$(inherited)";
				INFOPLIST_FILE = XouTubeUITests/Info.plist;
				IPHONEOS_DEPLOYMENT_TARGET = 13.0;
				LD_RUNPATH_SEARCH_PATHS = (
					"$(inherited)",
					"@executable_path/Frameworks",
					"@loader_path/Frameworks",
				);
				OTHER_LDFLAGS = (
					"$(inherited)",
					"-ObjC",
					"-l\"c++\"",
					"-l\"sqlite3\"",
					"-l\"z\"",
					"-framework",
					"\"CFNetwork\"",
					"-framework",
					"\"CoreTelephony\"",
					"-framework",
					"\"FBLPromises\"",
					"-framework",
					"\"Foundation\"",
					"-framework",
					"\"GoogleUtilities\"",
					"-framework",
					"\"Security\"",
					"-framework",
					"\"StoreKit\"",
					"-framework",
					"\"SystemConfiguration\"",
					"-framework",
					"\"UIKit\"",
					"-framework",
					"\"nanopb\"",
				);
				PRODUCT_BUNDLE_IDENTIFIER = za.co.dvt.XouTubeUITests;
				PRODUCT_NAME = "$(TARGET_NAME)";
				SWIFT_PRECOMPILE_BRIDGING_HEADER = YES;
				SWIFT_VERSION = 5.0;
				TARGETED_DEVICE_FAMILY = "1,2";
				TEST_TARGET_NAME = XouTube;
			};
			name = Release;
		};
		3895A0A12458592D0061C818 /* Debug */ = {
			isa = XCBuildConfiguration;
			buildSettings = {
				ALWAYS_EMBED_SWIFT_STANDARD_LIBRARIES = YES;
				ASSETCATALOG_COMPILER_APPICON_NAME = AppIcon;
				CODE_SIGN_STYLE = Automatic;
				DEVELOPMENT_TEAM = GLK7J5PP82;
				IBSC_MODULE = XouTubeWatch_Extension;
				INFOPLIST_FILE = XouTubeWatch/Info.plist;
				PRODUCT_BUNDLE_IDENTIFIER = za.co.dvt.XouTube.watchkitapp;
				PRODUCT_NAME = "$(TARGET_NAME)";
				SDKROOT = watchos;
				SKIP_INSTALL = YES;
				SWIFT_VERSION = 5.0;
				TARGETED_DEVICE_FAMILY = 4;
				WATCHOS_DEPLOYMENT_TARGET = 6.1;
			};
			name = Debug;
		};
		3895A0A22458592D0061C818 /* Release */ = {
			isa = XCBuildConfiguration;
			buildSettings = {
				ALWAYS_EMBED_SWIFT_STANDARD_LIBRARIES = YES;
				ASSETCATALOG_COMPILER_APPICON_NAME = AppIcon;
				CODE_SIGN_STYLE = Automatic;
				DEVELOPMENT_TEAM = GLK7J5PP82;
				IBSC_MODULE = XouTubeWatch_Extension;
				INFOPLIST_FILE = XouTubeWatch/Info.plist;
				PRODUCT_BUNDLE_IDENTIFIER = za.co.dvt.XouTube.watchkitapp;
				PRODUCT_NAME = "$(TARGET_NAME)";
				SDKROOT = watchos;
				SKIP_INSTALL = YES;
				SWIFT_VERSION = 5.0;
				TARGETED_DEVICE_FAMILY = 4;
				WATCHOS_DEPLOYMENT_TARGET = 6.1;
			};
			name = Release;
		};
		3895A0A42458592D0061C818 /* Debug */ = {
			isa = XCBuildConfiguration;
			buildSettings = {
				ASSETCATALOG_COMPILER_COMPLICATION_NAME = Complication;
				CODE_SIGN_STYLE = Automatic;
				DEVELOPMENT_TEAM = GLK7J5PP82;
				INFOPLIST_FILE = "XouTubeWatch Extension/Info.plist";
				LD_RUNPATH_SEARCH_PATHS = (
					"$(inherited)",
					"@executable_path/Frameworks",
					"@executable_path/../../Frameworks",
				);
				PRODUCT_BUNDLE_IDENTIFIER = za.co.dvt.XouTube.watchkitapp.watchkitextension;
				PRODUCT_NAME = "${TARGET_NAME}";
				SDKROOT = watchos;
				SKIP_INSTALL = YES;
				SWIFT_VERSION = 5.0;
				TARGETED_DEVICE_FAMILY = 4;
				WATCHOS_DEPLOYMENT_TARGET = 6.1;
			};
			name = Debug;
		};
		3895A0A52458592D0061C818 /* Release */ = {
			isa = XCBuildConfiguration;
			buildSettings = {
				ASSETCATALOG_COMPILER_COMPLICATION_NAME = Complication;
				CODE_SIGN_STYLE = Automatic;
				DEVELOPMENT_TEAM = GLK7J5PP82;
				INFOPLIST_FILE = "XouTubeWatch Extension/Info.plist";
				LD_RUNPATH_SEARCH_PATHS = (
					"$(inherited)",
					"@executable_path/Frameworks",
					"@executable_path/../../Frameworks",
				);
				PRODUCT_BUNDLE_IDENTIFIER = za.co.dvt.XouTube.watchkitapp.watchkitextension;
				PRODUCT_NAME = "${TARGET_NAME}";
				SDKROOT = watchos;
				SKIP_INSTALL = YES;
				SWIFT_VERSION = 5.0;
				TARGETED_DEVICE_FAMILY = 4;
				WATCHOS_DEPLOYMENT_TARGET = 6.1;
			};
			name = Release;
		};
		3895A1072458E7F40061C818 /* Debug */ = {
			isa = XCBuildConfiguration;
			buildSettings = {
				CODE_SIGN_STYLE = Automatic;
				DEVELOPMENT_TEAM = GLK7J5PP82;
				INFOPLIST_FILE = XouTubeFastLaneSnapShots/Info.plist;
				IPHONEOS_DEPLOYMENT_TARGET = 13.2;
				LD_RUNPATH_SEARCH_PATHS = (
					"$(inherited)",
					"@executable_path/Frameworks",
					"@loader_path/Frameworks",
				);
				PRODUCT_BUNDLE_IDENTIFIER = za.co.dvt.XouTubeFastLaneSnapShots;
				PRODUCT_NAME = "$(TARGET_NAME)";
				SWIFT_VERSION = 5.0;
				TARGETED_DEVICE_FAMILY = "1,2";
				TEST_TARGET_NAME = XouTube;
			};
			name = Debug;
		};
		3895A1082458E7F40061C818 /* Release */ = {
			isa = XCBuildConfiguration;
			buildSettings = {
				CODE_SIGN_STYLE = Automatic;
				DEVELOPMENT_TEAM = GLK7J5PP82;
				INFOPLIST_FILE = XouTubeFastLaneSnapShots/Info.plist;
				IPHONEOS_DEPLOYMENT_TARGET = 13.2;
				LD_RUNPATH_SEARCH_PATHS = (
					"$(inherited)",
					"@executable_path/Frameworks",
					"@loader_path/Frameworks",
				);
				PRODUCT_BUNDLE_IDENTIFIER = za.co.dvt.XouTubeFastLaneSnapShots;
				PRODUCT_NAME = "$(TARGET_NAME)";
				SWIFT_VERSION = 5.0;
				TARGETED_DEVICE_FAMILY = "1,2";
				TEST_TARGET_NAME = XouTube;
			};
			name = Release;
		};
/* End XCBuildConfiguration section */

/* Begin XCConfigurationList section */
		3803EA6623EA998900DC745C /* Build configuration list for PBXProject "XouTube" */ = {
			isa = XCConfigurationList;
			buildConfigurations = (
				3803EA8823EA998B00DC745C /* Debug */,
				3803EA8923EA998B00DC745C /* Release */,
			);
			defaultConfigurationIsVisible = 0;
			defaultConfigurationName = Release;
		};
		3803EA8A23EA998B00DC745C /* Build configuration list for PBXNativeTarget "XouTube" */ = {
			isa = XCConfigurationList;
			buildConfigurations = (
				3803EA8B23EA998B00DC745C /* Debug */,
				3803EA8C23EA998B00DC745C /* Release */,
			);
			defaultConfigurationIsVisible = 0;
			defaultConfigurationName = Release;
		};
		3803EA8D23EA998B00DC745C /* Build configuration list for PBXNativeTarget "XouTubeTests" */ = {
			isa = XCConfigurationList;
			buildConfigurations = (
				3803EA8E23EA998B00DC745C /* Debug */,
				3803EA8F23EA998B00DC745C /* Release */,
			);
			defaultConfigurationIsVisible = 0;
			defaultConfigurationName = Release;
		};
		385D2AB0241F450D0004FAE9 /* Build configuration list for PBXNativeTarget "XouTubeUITests" */ = {
			isa = XCConfigurationList;
			buildConfigurations = (
				385D2AAE241F450D0004FAE9 /* Debug */,
				385D2AAF241F450D0004FAE9 /* Release */,
			);
			defaultConfigurationIsVisible = 0;
			defaultConfigurationName = Release;
		};
		3895A0A62458592D0061C818 /* Build configuration list for PBXNativeTarget "XouTubeWatch Extension" */ = {
			isa = XCConfigurationList;
			buildConfigurations = (
				3895A0A42458592D0061C818 /* Debug */,
				3895A0A52458592D0061C818 /* Release */,
			);
			defaultConfigurationIsVisible = 0;
			defaultConfigurationName = Release;
		};
		3895A0A72458592D0061C818 /* Build configuration list for PBXNativeTarget "XouTubeWatch" */ = {
			isa = XCConfigurationList;
			buildConfigurations = (
				3895A0A12458592D0061C818 /* Debug */,
				3895A0A22458592D0061C818 /* Release */,
			);
			defaultConfigurationIsVisible = 0;
			defaultConfigurationName = Release;
		};
		3895A1092458E7F40061C818 /* Build configuration list for PBXNativeTarget "XouTubeFastLaneSnapShots" */ = {
			isa = XCConfigurationList;
			buildConfigurations = (
				3895A1072458E7F40061C818 /* Debug */,
				3895A1082458E7F40061C818 /* Release */,
			);
			defaultConfigurationIsVisible = 0;
			defaultConfigurationName = Release;
		};
/* End XCConfigurationList section */

/* Begin XCVersionGroup section */
		3895A11224597ED70061C818 /* XouTubeDM.xcdatamodeld */ = {
			isa = XCVersionGroup;
			children = (
				3895A11324597ED70061C818 /* XouTubeDM.xcdatamodel */,
			);
			currentVersion = 3895A11324597ED70061C818 /* XouTubeDM.xcdatamodel */;
			path = XouTubeDM.xcdatamodeld;
			sourceTree = "<group>";
			versionGroupType = wrapper.xcdatamodel;
		};
/* End XCVersionGroup section */
	};
	rootObject = 3803EA6323EA998900DC745C /* Project object */;
}
